{
  "version": 4,
  "terraform_version": "1.10.5",
  "serial": 1466,
  "lineage": "79eeedad-9022-d69c-ba54-cf8803d04d2f",
  "outputs": {},
  "resources": [
    {
      "mode": "managed",
      "type": "google_cloudfunctions2_function",
      "name": "terraform_coc_medimrec_poc_function",
      "provider": "provider[\"registry.terraform.io/hashicorp/google\"]",
      "instances": [
        {
          "schema_version": 0,
          "attributes": {
            "build_config": [
              {
                "automatic_update_policy": [
                  {}
                ],
                "build": "projects/613434113599/locations/europe-southwest1/builds/ebba5de4-00cc-4946-b34b-f08e28159e71",
                "docker_repository": "projects/coc-medimrec-poc/locations/europe-southwest1/repositories/gcf-artifacts",
                "entry_point": "process_cv",
                "environment_variables": {},
                "on_deploy_update_policy": [],
                "runtime": "python311",
                "service_account": "projects/coc-medimrec-poc/serviceAccounts/613434113599-compute@developer.gserviceaccount.com",
                "source": [
                  {
                    "repo_source": [],
                    "storage_source": [
                      {
                        "bucket": "terraform-coc-medimrec-poc-bucket",
                        "generation": 1740073774498989,
                        "object": "index.zip"
                      }
                    ]
                  }
                ],
                "worker_pool": ""
              }
            ],
            "description": "",
            "effective_labels": {
              "goog-terraform-provisioned": "true"
            },
            "environment": "GEN_2",
            "event_trigger": [
              {
                "event_filters": [
                  {
                    "attribute": "bucket",
                    "operator": "",
                    "value": "terraform-coc-mypp-sap-integration"
                  }
                ],
                "event_type": "google.cloud.storage.object.v1.finalized",
                "pubsub_topic": "projects/coc-medimrec-poc/topics/eventarc-eu-terraform-cv-processing-job-313794-795",
                "retry_policy": "RETRY_POLICY_DO_NOT_RETRY",
                "service_account_email": "613434113599-compute@developer.gserviceaccount.com",
                "trigger": "projects/coc-medimrec-poc/locations/eu/triggers/terraform-cv-processing-job-313794",
                "trigger_region": "eu"
              }
            ],
            "id": "projects/coc-medimrec-poc/locations/europe-southwest1/functions/terraform-CV_processing-job",
            "kms_key_name": "",
            "labels": {},
            "location": "europe-southwest1",
            "name": "terraform-CV_processing-job",
            "project": "coc-medimrec-poc",
            "service_config": [
              {
                "all_traffic_on_latest_revision": true,
                "available_cpu": "1.0",
                "available_memory": "1Gi",
                "environment_variables": {
                  "LOG_EXECUTION_ID": "true"
                },
                "gcf_uri": "",
                "ingress_settings": "ALLOW_ALL",
                "max_instance_count": 100,
                "max_instance_request_concurrency": 1,
                "min_instance_count": 0,
                "secret_environment_variables": [],
                "secret_volumes": [],
                "service": "projects/coc-medimrec-poc/locations/europe-southwest1/services/terraform-cv-processing-job",
                "service_account_email": "613434113599-compute@developer.gserviceaccount.com",
                "timeout_seconds": 360,
                "uri": "https://terraform-cv-processing-job-axtvupws6q-no.a.run.app",
                "vpc_connector": "",
                "vpc_connector_egress_settings": ""
              }
            ],
            "state": "ACTIVE",
            "terraform_labels": {
              "goog-terraform-provisioned": "true"
            },
            "timeouts": null,
            "update_time": "2025-02-20T17:53:41.776629964Z",
            "url": "https://europe-southwest1-coc-medimrec-poc.cloudfunctions.net/terraform-CV_processing-job"
          },
          "sensitive_attributes": [],
          "private": "eyJlMmJmYjczMC1lY2FhLTExZTYtOGY4OC0zNDM2M2JjN2M0YzAiOnsiY3JlYXRlIjozNjAwMDAwMDAwMDAwLCJkZWxldGUiOjM2MDAwMDAwMDAwMDAsInVwZGF0ZSI6MzYwMDAwMDAwMDAwMH19",
          "dependencies": [
            "google_storage_bucket.terraform_coc_medimrec_poc_bucket",
            "google_storage_bucket.terraform_coc_mypp_sap_integration",
            "google_storage_bucket_object.terraform_coc_medimrec_poc_object"
          ]
        }
      ]
    },
    {
      "mode": "managed",
      "type": "google_cloudfunctions2_function",
      "name": "terraform_sap_cv_integration_function",
      "provider": "provider[\"registry.terraform.io/hashicorp/google\"]",
      "instances": [
        {
          "schema_version": 0,
          "attributes": {
            "build_config": [
              {
                "automatic_update_policy": [
                  {}
                ],
                "build": "projects/613434113599/locations/europe-southwest1/builds/f501dc21-25e2-4567-98bd-b15ec009fd6b",
                "docker_repository": "projects/coc-medimrec-poc/locations/europe-southwest1/repositories/gcf-artifacts",
                "entry_point": "sap_integration",
                "environment_variables": {},
                "on_deploy_update_policy": [],
                "runtime": "python311",
                "service_account": "projects/coc-medimrec-poc/serviceAccounts/613434113599-compute@developer.gserviceaccount.com",
                "source": [
                  {
                    "repo_source": [],
                    "storage_source": [
                      {
                        "bucket": "terraform-coc-medimrec-poc-bucket",
                        "generation": 1740073966769917,
                        "object": "index.zip"
                      }
                    ]
                  }
                ],
                "worker_pool": ""
              }
            ],
            "description": "",
            "effective_labels": {
              "goog-terraform-provisioned": "true"
            },
            "environment": "GEN_2",
            "event_trigger": [
              {
                "event_filters": [
                  {
                    "attribute": "bucket",
                    "operator": "",
                    "value": "terraform-coc-mypp-processed-cv"
                  }
                ],
                "event_type": "google.cloud.storage.object.v1.finalized",
                "pubsub_topic": "projects/coc-medimrec-poc/topics/eventarc-eu-terraform-sap-cv-integration-796968-583",
                "retry_policy": "RETRY_POLICY_DO_NOT_RETRY",
                "service_account_email": "613434113599-compute@developer.gserviceaccount.com",
                "trigger": "projects/coc-medimrec-poc/locations/eu/triggers/terraform-sap-cv-integration-796968",
                "trigger_region": "eu"
              }
            ],
            "id": "projects/coc-medimrec-poc/locations/europe-southwest1/functions/terraform-SAP-CV-integration",
            "kms_key_name": "",
            "labels": null,
            "location": "europe-southwest1",
            "name": "terraform-SAP-CV-integration",
            "project": "coc-medimrec-poc",
            "service_config": [
              {
                "all_traffic_on_latest_revision": true,
                "available_cpu": ".167",
                "available_memory": "256Mi",
                "environment_variables": {
                  "API_URL": "https://atos-development-intergration-mhdx5ahs.it-cpi005-rt.cfapps.eu20.hana.ondemand.com/http/restapi/postCV",
                  "CLIENT_ID": "sb-fa7339af-c41d-4e21-9345-4fa171cbf7b9!b7500|it-rt-atos-development-intergration-mhdx5ahs!b259",
                  "CLIENT_SECRET": "913ede81-4177-48bf-8f48-3af1316cd6ea$p1rjlTzUVP9VqId4w0VgW6EIIJ13aytTNHSGHe00DDk=",
                  "LOG_EXECUTION_ID": "true"
                },
                "gcf_uri": "",
                "ingress_settings": "ALLOW_ALL",
                "max_instance_count": 100,
                "max_instance_request_concurrency": 1,
                "min_instance_count": 0,
                "secret_environment_variables": [],
                "secret_volumes": [],
                "service": "projects/coc-medimrec-poc/locations/europe-southwest1/services/terraform-sap-cv-integration",
                "service_account_email": "613434113599-compute@developer.gserviceaccount.com",
                "timeout_seconds": 60,
                "uri": "https://terraform-sap-cv-integration-axtvupws6q-no.a.run.app",
                "vpc_connector": "",
                "vpc_connector_egress_settings": ""
              }
            ],
            "state": "ACTIVE",
            "terraform_labels": {
              "goog-terraform-provisioned": "true"
            },
            "timeouts": null,
            "update_time": "2025-02-20T17:53:54.543112636Z",
            "url": "https://europe-southwest1-coc-medimrec-poc.cloudfunctions.net/terraform-SAP-CV-integration"
          },
          "sensitive_attributes": [],
          "private": "eyJlMmJmYjczMC1lY2FhLTExZTYtOGY4OC0zNDM2M2JjN2M0YzAiOnsiY3JlYXRlIjozNjAwMDAwMDAwMDAwLCJkZWxldGUiOjM2MDAwMDAwMDAwMDAsInVwZGF0ZSI6MzYwMDAwMDAwMDAwMH19",
          "dependencies": [
            "google_storage_bucket.terraform_coc_medimrec_poc_bucket",
            "google_storage_bucket.terraform_coc_mypp_processed_cv",
            "google_storage_bucket_object.terraform_sap_cv_integration_object"
          ]
        }
      ]
    },
    {
      "mode": "managed",
      "type": "google_storage_bucket",
      "name": "terraform_coc_medimrec_poc_bucket",
      "provider": "provider[\"registry.terraform.io/hashicorp/google\"]",
      "instances": [
        {
          "schema_version": 3,
          "attributes": {
            "autoclass": [],
            "cors": [],
            "custom_placement_config": [],
            "default_event_based_hold": false,
            "effective_labels": {
              "goog-terraform-provisioned": "true"
            },
            "enable_object_retention": false,
            "encryption": [],
            "force_destroy": false,
            "hierarchical_namespace": [
              {
                "enabled": false
              }
            ],
            "id": "terraform-coc-medimrec-poc-bucket",
            "labels": {},
            "lifecycle_rule": [],
            "location": "EUROPE-SOUTHWEST1",
            "logging": [],
            "name": "terraform-coc-medimrec-poc-bucket",
            "project": "coc-medimrec-poc",
            "project_number": 613434113599,
            "public_access_prevention": "inherited",
            "requester_pays": false,
            "retention_policy": [],
            "rpo": null,
            "self_link": "https://www.googleapis.com/storage/v1/b/terraform-coc-medimrec-poc-bucket",
            "soft_delete_policy": [
              {
                "effective_time": "2025-02-20T17:49:17.522Z",
                "retention_duration_seconds": 604800
              }
            ],
            "storage_class": "STANDARD",
            "terraform_labels": {
              "goog-terraform-provisioned": "true"
            },
            "timeouts": null,
            "uniform_bucket_level_access": true,
            "url": "gs://terraform-coc-medimrec-poc-bucket",
            "versioning": [],
            "website": []
          },
          "sensitive_attributes": [],
          "private": "eyJlMmJmYjczMC1lY2FhLTExZTYtOGY4OC0zNDM2M2JjN2M0YzAiOnsiY3JlYXRlIjo2MDAwMDAwMDAwMDAsInJlYWQiOjI0MDAwMDAwMDAwMCwidXBkYXRlIjoyNDAwMDAwMDAwMDB9LCJzY2hlbWFfdmVyc2lvbiI6IjMifQ=="
        }
      ]
    },
    {
      "mode": "managed",
      "type": "google_storage_bucket",
      "name": "terraform_coc_mypp_failed_cv",
      "provider": "provider[\"registry.terraform.io/hashicorp/google\"]",
      "instances": [
        {
          "schema_version": 3,
          "attributes": {
            "autoclass": [],
            "cors": [],
            "custom_placement_config": [],
            "default_event_based_hold": false,
            "effective_labels": {
              "goog-terraform-provisioned": "true"
            },
            "enable_object_retention": false,
            "encryption": [],
            "force_destroy": false,
            "hierarchical_namespace": [
              {
                "enabled": false
              }
            ],
            "id": "terraform-coc-mypp-failed-cv",
            "labels": {},
            "lifecycle_rule": [],
            "location": "EU",
            "logging": [],
            "name": "terraform-coc-mypp-failed-cv",
            "project": "coc-medimrec-poc",
            "project_number": 613434113599,
            "public_access_prevention": "enforced",
            "requester_pays": false,
            "retention_policy": [],
            "rpo": "DEFAULT",
            "self_link": "https://www.googleapis.com/storage/v1/b/terraform-coc-mypp-failed-cv",
            "soft_delete_policy": [
              {
                "effective_time": "2025-02-20T17:49:19.065Z",
                "retention_duration_seconds": 604800
              }
            ],
            "storage_class": "STANDARD",
            "terraform_labels": {
              "goog-terraform-provisioned": "true"
            },
            "timeouts": null,
            "uniform_bucket_level_access": true,
            "url": "gs://terraform-coc-mypp-failed-cv",
            "versioning": [],
            "website": []
          },
          "sensitive_attributes": [],
          "private": "eyJlMmJmYjczMC1lY2FhLTExZTYtOGY4OC0zNDM2M2JjN2M0YzAiOnsiY3JlYXRlIjo2MDAwMDAwMDAwMDAsInJlYWQiOjI0MDAwMDAwMDAwMCwidXBkYXRlIjoyNDAwMDAwMDAwMDB9LCJzY2hlbWFfdmVyc2lvbiI6IjMifQ=="
        }
      ]
    },
    {
      "mode": "managed",
      "type": "google_storage_bucket",
      "name": "terraform_coc_mypp_processed_cv",
      "provider": "provider[\"registry.terraform.io/hashicorp/google\"]",
      "instances": [
        {
          "schema_version": 3,
          "attributes": {
            "autoclass": [],
            "cors": [],
            "custom_placement_config": [],
            "default_event_based_hold": false,
            "effective_labels": {
              "goog-terraform-provisioned": "true"
            },
            "enable_object_retention": false,
            "encryption": [],
            "force_destroy": false,
            "hierarchical_namespace": [
              {
                "enabled": false
              }
            ],
            "id": "terraform-coc-mypp-processed-cv",
            "labels": {},
            "lifecycle_rule": [],
            "location": "EU",
            "logging": [],
            "name": "terraform-coc-mypp-processed-cv",
            "project": "coc-medimrec-poc",
            "project_number": 613434113599,
            "public_access_prevention": "enforced",
            "requester_pays": false,
            "retention_policy": [],
            "rpo": "DEFAULT",
            "self_link": "https://www.googleapis.com/storage/v1/b/terraform-coc-mypp-processed-cv",
            "soft_delete_policy": [
              {
                "effective_time": "2025-02-20T17:49:19.280Z",
                "retention_duration_seconds": 604800
              }
            ],
            "storage_class": "STANDARD",
            "terraform_labels": {
              "goog-terraform-provisioned": "true"
            },
            "timeouts": null,
            "uniform_bucket_level_access": true,
            "url": "gs://terraform-coc-mypp-processed-cv",
            "versioning": [],
            "website": []
          },
          "sensitive_attributes": [],
          "private": "eyJlMmJmYjczMC1lY2FhLTExZTYtOGY4OC0zNDM2M2JjN2M0YzAiOnsiY3JlYXRlIjo2MDAwMDAwMDAwMDAsInJlYWQiOjI0MDAwMDAwMDAwMCwidXBkYXRlIjoyNDAwMDAwMDAwMDB9LCJzY2hlbWFfdmVyc2lvbiI6IjMifQ=="
        }
      ]
    },
    {
      "mode": "managed",
      "type": "google_storage_bucket",
      "name": "terraform_coc_mypp_processed_pdf",
      "provider": "provider[\"registry.terraform.io/hashicorp/google\"]",
      "instances": [
        {
          "schema_version": 3,
          "attributes": {
            "autoclass": [],
            "cors": [],
            "custom_placement_config": [],
            "default_event_based_hold": false,
            "effective_labels": {
              "goog-terraform-provisioned": "true"
            },
            "enable_object_retention": false,
            "encryption": [],
            "force_destroy": false,
            "hierarchical_namespace": [
              {
                "enabled": false
              }
            ],
            "id": "terraform-coc-mypp-processed-pdf",
            "labels": {},
            "lifecycle_rule": [],
            "location": "EU",
            "logging": [],
            "name": "terraform-coc-mypp-processed-pdf",
            "project": "coc-medimrec-poc",
            "project_number": 613434113599,
            "public_access_prevention": "enforced",
            "requester_pays": false,
            "retention_policy": [],
            "rpo": "DEFAULT",
            "self_link": "https://www.googleapis.com/storage/v1/b/terraform-coc-mypp-processed-pdf",
            "soft_delete_policy": [
              {
                "effective_time": "2025-02-20T17:49:18.634Z",
                "retention_duration_seconds": 604800
              }
            ],
            "storage_class": "NEARLINE",
            "terraform_labels": {
              "goog-terraform-provisioned": "true"
            },
            "timeouts": null,
            "uniform_bucket_level_access": true,
            "url": "gs://terraform-coc-mypp-processed-pdf",
            "versioning": [],
            "website": []
          },
          "sensitive_attributes": [],
          "private": "eyJlMmJmYjczMC1lY2FhLTExZTYtOGY4OC0zNDM2M2JjN2M0YzAiOnsiY3JlYXRlIjo2MDAwMDAwMDAwMDAsInJlYWQiOjI0MDAwMDAwMDAwMCwidXBkYXRlIjoyNDAwMDAwMDAwMDB9LCJzY2hlbWFfdmVyc2lvbiI6IjMifQ=="
        }
      ]
    },
    {
      "mode": "managed",
      "type": "google_storage_bucket",
      "name": "terraform_coc_mypp_sap_integration",
      "provider": "provider[\"registry.terraform.io/hashicorp/google\"]",
      "instances": [
        {
          "schema_version": 3,
          "attributes": {
            "autoclass": [],
            "cors": [],
            "custom_placement_config": [],
            "default_event_based_hold": false,
            "effective_labels": {
              "goog-terraform-provisioned": "true"
            },
            "enable_object_retention": false,
            "encryption": [],
            "force_destroy": false,
            "hierarchical_namespace": [
              {
                "enabled": false
              }
            ],
            "id": "terraform-coc-mypp-sap-integration",
            "labels": {},
            "lifecycle_rule": [],
            "location": "EU",
            "logging": [],
            "name": "terraform-coc-mypp-sap-integration",
            "project": "coc-medimrec-poc",
            "project_number": 613434113599,
            "public_access_prevention": "enforced",
            "requester_pays": false,
            "retention_policy": [],
            "rpo": "DEFAULT",
            "self_link": "https://www.googleapis.com/storage/v1/b/terraform-coc-mypp-sap-integration",
            "soft_delete_policy": [
              {
                "effective_time": "2025-02-20T17:49:18.775Z",
                "retention_duration_seconds": 604800
              }
            ],
            "storage_class": "STANDARD",
            "terraform_labels": {
              "goog-terraform-provisioned": "true"
            },
            "timeouts": null,
            "uniform_bucket_level_access": true,
            "url": "gs://terraform-coc-mypp-sap-integration",
            "versioning": [],
            "website": []
          },
          "sensitive_attributes": [],
          "private": "eyJlMmJmYjczMC1lY2FhLTExZTYtOGY4OC0zNDM2M2JjN2M0YzAiOnsiY3JlYXRlIjo2MDAwMDAwMDAwMDAsInJlYWQiOjI0MDAwMDAwMDAwMCwidXBkYXRlIjoyNDAwMDAwMDAwMDB9LCJzY2hlbWFfdmVyc2lvbiI6IjMifQ=="
        }
      ]
    },
    {
      "mode": "managed",
      "type": "google_storage_bucket",
      "name": "terraform_my_pp",
      "provider": "provider[\"registry.terraform.io/hashicorp/google\"]",
      "instances": [
        {
          "schema_version": 3,
          "attributes": {
            "autoclass": [],
            "cors": [],
            "custom_placement_config": [],
            "default_event_based_hold": false,
            "effective_labels": {
              "coc-my-pp": "bucket",
              "goog-terraform-provisioned": "true"
            },
            "enable_object_retention": false,
            "encryption": [],
            "force_destroy": false,
            "hierarchical_namespace": [
              {
                "enabled": false
              }
            ],
            "id": "terraform-my-pp",
            "labels": {
              "coc-my-pp": "bucket"
            },
            "lifecycle_rule": [],
            "location": "EUROPE-SOUTHWEST1",
            "logging": [],
            "name": "terraform-my-pp",
            "project": "coc-medimrec-poc",
            "project_number": 613434113599,
            "public_access_prevention": "enforced",
            "requester_pays": false,
            "retention_policy": [],
            "rpo": null,
            "self_link": "https://www.googleapis.com/storage/v1/b/terraform-my-pp",
            "soft_delete_policy": [
              {
                "effective_time": "2025-02-20T17:49:17.857Z",
                "retention_duration_seconds": 604800
              }
            ],
            "storage_class": "STANDARD",
            "terraform_labels": {
              "coc-my-pp": "bucket",
              "goog-terraform-provisioned": "true"
            },
            "timeouts": null,
            "uniform_bucket_level_access": true,
            "url": "gs://terraform-my-pp",
            "versioning": [],
            "website": []
          },
          "sensitive_attributes": [],
          "private": "eyJlMmJmYjczMC1lY2FhLTExZTYtOGY4OC0zNDM2M2JjN2M0YzAiOnsiY3JlYXRlIjo2MDAwMDAwMDAwMDAsInJlYWQiOjI0MDAwMDAwMDAwMCwidXBkYXRlIjoyNDAwMDAwMDAwMDB9LCJzY2hlbWFfdmVyc2lvbiI6IjMifQ=="
        }
      ]
    },
    {
      "mode": "managed",
      "type": "google_storage_bucket_object",
      "name": "category_embeddings_1col",
      "provider": "provider[\"registry.terraform.io/hashicorp/google\"]",
      "instances": [
        {
          "index_key": "source/Bucket-terraform-my-pp/category_embeddings_1col/bus_embeddings_1column.npy",
          "schema_version": 0,
          "attributes": {
            "bucket": "terraform-my-pp",
            "cache_control": "",
            "content": null,
            "content_disposition": "",
            "content_encoding": "",
            "content_language": "",
            "content_type": "application/octet-stream",
            "crc32c": "928hWw==",
            "customer_encryption": [],
            "detect_md5hash": "VHZJz7SEUyoVsp8fhKamaA==",
            "event_based_hold": false,
            "generation": 1740073760712103,
            "id": "terraform-my-pp-category_embeddings_1col/bus_embeddings_1column.npy",
            "kms_key_name": "",
            "md5hash": "VHZJz7SEUyoVsp8fhKamaA==",
            "media_link": "https://storage.googleapis.com/download/storage/v1/b/terraform-my-pp/o/category_embeddings_1col%2Fbus_embeddings_1column.npy?generation=1740073760712103\u0026alt=media",
            "metadata": {},
            "name": "category_embeddings_1col/bus_embeddings_1column.npy",
            "output_name": "category_embeddings_1col/bus_embeddings_1column.npy",
            "retention": [],
            "self_link": "https://www.googleapis.com/storage/v1/b/terraform-my-pp/o/category_embeddings_1col%2Fbus_embeddings_1column.npy",
            "source": "source/Bucket-terraform-my-pp/category_embeddings_1col/bus_embeddings_1column.npy",
            "storage_class": "STANDARD",
            "temporary_hold": false,
            "timeouts": null
          },
          "sensitive_attributes": [
            [
              {
                "type": "get_attr",
                "value": "content"
              }
            ]
          ],
          "private": "eyJlMmJmYjczMC1lY2FhLTExZTYtOGY4OC0zNDM2M2JjN2M0YzAiOnsiY3JlYXRlIjoyNDAwMDAwMDAwMDAsImRlbGV0ZSI6MjQwMDAwMDAwMDAwLCJ1cGRhdGUiOjI0MDAwMDAwMDAwMH19",
          "dependencies": [
            "google_storage_bucket.terraform_my_pp"
          ]
        },
        {
          "index_key": "source/Bucket-terraform-my-pp/category_embeddings_1col/cert_embeddings_1column.npy",
          "schema_version": 0,
          "attributes": {
            "bucket": "terraform-my-pp",
            "cache_control": "",
            "content": null,
            "content_disposition": "",
            "content_encoding": "",
            "content_language": "",
            "content_type": "application/octet-stream",
            "crc32c": "FEuPWw==",
            "customer_encryption": [],
            "detect_md5hash": "I6qxvmyUNyEPybSQvuebqw==",
            "event_based_hold": false,
            "generation": 1740073791802144,
            "id": "terraform-my-pp-category_embeddings_1col/cert_embeddings_1column.npy",
            "kms_key_name": "",
            "md5hash": "I6qxvmyUNyEPybSQvuebqw==",
            "media_link": "https://storage.googleapis.com/download/storage/v1/b/terraform-my-pp/o/category_embeddings_1col%2Fcert_embeddings_1column.npy?generation=1740073791802144\u0026alt=media",
            "metadata": {},
            "name": "category_embeddings_1col/cert_embeddings_1column.npy",
            "output_name": "category_embeddings_1col/cert_embeddings_1column.npy",
            "retention": [],
            "self_link": "https://www.googleapis.com/storage/v1/b/terraform-my-pp/o/category_embeddings_1col%2Fcert_embeddings_1column.npy",
            "source": "source/Bucket-terraform-my-pp/category_embeddings_1col/cert_embeddings_1column.npy",
            "storage_class": "STANDARD",
            "temporary_hold": false,
            "timeouts": null
          },
          "sensitive_attributes": [
            [
              {
                "type": "get_attr",
                "value": "content"
              }
            ]
          ],
          "private": "eyJlMmJmYjczMC1lY2FhLTExZTYtOGY4OC0zNDM2M2JjN2M0YzAiOnsiY3JlYXRlIjoyNDAwMDAwMDAwMDAsImRlbGV0ZSI6MjQwMDAwMDAwMDAwLCJ1cGRhdGUiOjI0MDAwMDAwMDAwMH19",
          "dependencies": [
            "google_storage_bucket.terraform_my_pp"
          ]
        },
        {
          "index_key": "source/Bucket-terraform-my-pp/category_embeddings_1col/lan_embeddings_1column.npy",
          "schema_version": 0,
          "attributes": {
            "bucket": "terraform-my-pp",
            "cache_control": "",
            "content": null,
            "content_disposition": "",
            "content_encoding": "",
            "content_language": "",
            "content_type": "application/octet-stream",
            "crc32c": "5dP2ag==",
            "customer_encryption": [],
            "detect_md5hash": "cFwouF6tE6qzpqEKNq9zpw==",
            "event_based_hold": false,
            "generation": 1740073760320718,
            "id": "terraform-my-pp-category_embeddings_1col/lan_embeddings_1column.npy",
            "kms_key_name": "",
            "md5hash": "cFwouF6tE6qzpqEKNq9zpw==",
            "media_link": "https://storage.googleapis.com/download/storage/v1/b/terraform-my-pp/o/category_embeddings_1col%2Flan_embeddings_1column.npy?generation=1740073760320718\u0026alt=media",
            "metadata": {},
            "name": "category_embeddings_1col/lan_embeddings_1column.npy",
            "output_name": "category_embeddings_1col/lan_embeddings_1column.npy",
            "retention": [],
            "self_link": "https://www.googleapis.com/storage/v1/b/terraform-my-pp/o/category_embeddings_1col%2Flan_embeddings_1column.npy",
            "source": "source/Bucket-terraform-my-pp/category_embeddings_1col/lan_embeddings_1column.npy",
            "storage_class": "STANDARD",
            "temporary_hold": false,
            "timeouts": null
          },
          "sensitive_attributes": [
            [
              {
                "type": "get_attr",
                "value": "content"
              }
            ]
          ],
          "private": "eyJlMmJmYjczMC1lY2FhLTExZTYtOGY4OC0zNDM2M2JjN2M0YzAiOnsiY3JlYXRlIjoyNDAwMDAwMDAwMDAsImRlbGV0ZSI6MjQwMDAwMDAwMDAwLCJ1cGRhdGUiOjI0MDAwMDAwMDAwMH19",
          "dependencies": [
            "google_storage_bucket.terraform_my_pp"
          ]
        },
        {
          "index_key": "source/Bucket-terraform-my-pp/category_embeddings_1col/tech_embeddings_1column.npy",
          "schema_version": 0,
          "attributes": {
            "bucket": "terraform-my-pp",
            "cache_control": "",
            "content": null,
            "content_disposition": "",
            "content_encoding": "",
            "content_language": "",
            "content_type": "application/octet-stream",
            "crc32c": "jn1kKA==",
            "customer_encryption": [],
            "detect_md5hash": "6hZcnr9NdkB1Cp5dT+LZQg==",
            "event_based_hold": false,
            "generation": 1740073796015358,
            "id": "terraform-my-pp-category_embeddings_1col/tech_embeddings_1column.npy",
            "kms_key_name": "",
            "md5hash": "6hZcnr9NdkB1Cp5dT+LZQg==",
            "media_link": "https://storage.googleapis.com/download/storage/v1/b/terraform-my-pp/o/category_embeddings_1col%2Ftech_embeddings_1column.npy?generation=1740073796015358\u0026alt=media",
            "metadata": {},
            "name": "category_embeddings_1col/tech_embeddings_1column.npy",
            "output_name": "category_embeddings_1col/tech_embeddings_1column.npy",
            "retention": [],
            "self_link": "https://www.googleapis.com/storage/v1/b/terraform-my-pp/o/category_embeddings_1col%2Ftech_embeddings_1column.npy",
            "source": "source/Bucket-terraform-my-pp/category_embeddings_1col/tech_embeddings_1column.npy",
            "storage_class": "STANDARD",
            "temporary_hold": false,
            "timeouts": null
          },
          "sensitive_attributes": [
            [
              {
                "type": "get_attr",
                "value": "content"
              }
            ]
          ],
          "private": "eyJlMmJmYjczMC1lY2FhLTExZTYtOGY4OC0zNDM2M2JjN2M0YzAiOnsiY3JlYXRlIjoyNDAwMDAwMDAwMDAsImRlbGV0ZSI6MjQwMDAwMDAwMDAwLCJ1cGRhdGUiOjI0MDAwMDAwMDAwMH19",
          "dependencies": [
            "google_storage_bucket.terraform_my_pp"
          ]
        }
      ]
    },
    {
      "mode": "managed",
      "type": "google_storage_bucket_object",
      "name": "terraform_coc_medimrec_poc_object",
      "provider": "provider[\"registry.terraform.io/hashicorp/google\"]",
      "instances": [
        {
          "schema_version": 0,
          "attributes": {
            "bucket": "terraform-coc-medimrec-poc-bucket",
            "cache_control": "",
            "content": null,
            "content_disposition": "",
            "content_encoding": "",
            "content_language": "",
            "content_type": "application/zip",
            "crc32c": "Uzk34w==",
            "customer_encryption": [],
            "detect_md5hash": "ovtLtErpMkIO7lPFAXXuHw==",
            "event_based_hold": false,
            "generation": 1740073758493256,
            "id": "terraform-coc-medimrec-poc-bucket-index.zip",
            "kms_key_name": "",
            "md5hash": "ovtLtErpMkIO7lPFAXXuHw==",
            "media_link": "https://storage.googleapis.com/download/storage/v1/b/terraform-coc-medimrec-poc-bucket/o/index.zip?generation=1740073758493256\u0026alt=media",
            "metadata": {},
            "name": "index.zip",
            "output_name": "index.zip",
            "retention": [],
            "self_link": "https://www.googleapis.com/storage/v1/b/terraform-coc-medimrec-poc-bucket/o/index.zip",
            "source": "source/CV_processing-job/function-source.zip",
            "storage_class": "STANDARD",
            "temporary_hold": false,
            "timeouts": null
          },
          "sensitive_attributes": [
            [
              {
                "type": "get_attr",
                "value": "content"
              }
            ]
          ],
          "private": "eyJlMmJmYjczMC1lY2FhLTExZTYtOGY4OC0zNDM2M2JjN2M0YzAiOnsiY3JlYXRlIjoyNDAwMDAwMDAwMDAsImRlbGV0ZSI6MjQwMDAwMDAwMDAwLCJ1cGRhdGUiOjI0MDAwMDAwMDAwMH19",
          "dependencies": [
            "google_storage_bucket.terraform_coc_medimrec_poc_bucket"
          ]
        }
      ]
    },
    {
      "mode": "managed",
      "type": "google_storage_bucket_object",
      "name": "terraform_sap_cv_integration_object",
      "provider": "provider[\"registry.terraform.io/hashicorp/google\"]",
      "instances": [
        {
          "schema_version": 0,
          "attributes": {
            "bucket": "terraform-coc-medimrec-poc-bucket",
            "cache_control": "",
            "content": null,
            "content_disposition": "",
            "content_encoding": "",
            "content_language": "",
            "content_type": "application/zip",
            "crc32c": "TKaA1g==",
            "customer_encryption": [],
            "detect_md5hash": "uAsqXnSDPnTUNyDX2fUDvQ==",
            "event_based_hold": false,
            "generation": 1740073966225029,
            "id": "terraform-coc-medimrec-poc-bucket-index.zip",
            "kms_key_name": "",
            "md5hash": "uAsqXnSDPnTUNyDX2fUDvQ==",
            "media_link": "https://storage.googleapis.com/download/storage/v1/b/terraform-coc-medimrec-poc-bucket/o/index.zip?generation=1740073966225029\u0026alt=media",
            "metadata": {},
            "name": "index.zip",
            "output_name": "index.zip",
            "retention": [],
            "self_link": "https://www.googleapis.com/storage/v1/b/terraform-coc-medimrec-poc-bucket/o/index.zip",
            "source": "source/SAP-CV-integration/function-source.zip",
            "storage_class": "STANDARD",
            "temporary_hold": false,
            "timeouts": null
          },
          "sensitive_attributes": [
            [
              {
                "type": "get_attr",
                "value": "content"
              }
            ]
          ],
          "private": "eyJlMmJmYjczMC1lY2FhLTExZTYtOGY4OC0zNDM2M2JjN2M0YzAiOnsiY3JlYXRlIjoyNDAwMDAwMDAwMDAsImRlbGV0ZSI6MjQwMDAwMDAwMDAwLCJ1cGRhdGUiOjI0MDAwMDAwMDAwMH19",
          "dependencies": [
            "google_storage_bucket.terraform_coc_medimrec_poc_bucket"
          ]
        }
      ]
    },
    {
      "mode": "managed",
      "type": "google_storage_bucket_object",
      "name": "upload_terraform_coc_mypp_processed_cv_files",
      "provider": "provider[\"registry.terraform.io/hashicorp/google\"]",
      "instances": [
        {
          "index_key": "source/Bucket-terraform-coc-mypp-processed-cv/CVAlvaro.json",
          "schema_version": 0,
          "attributes": {
            "bucket": "terraform-coc-mypp-processed-cv",
            "cache_control": "",
            "content": null,
            "content_disposition": "",
            "content_encoding": "",
            "content_language": "",
            "content_type": "text/plain; charset=utf-8",
            "crc32c": "mvoT9w==",
            "customer_encryption": [],
            "detect_md5hash": "pd+tCnuqHTuCEzdxBwwJWg==",
            "event_based_hold": false,
            "generation": 1740073776727947,
            "id": "terraform-coc-mypp-processed-cv-CVAlvaro.json",
            "kms_key_name": "",
            "md5hash": "pd+tCnuqHTuCEzdxBwwJWg==",
            "media_link": "https://storage.googleapis.com/download/storage/v1/b/terraform-coc-mypp-processed-cv/o/CVAlvaro.json?generation=1740073776727947\u0026alt=media",
            "metadata": {},
            "name": "CVAlvaro.json",
            "output_name": "CVAlvaro.json",
            "retention": [],
            "self_link": "https://www.googleapis.com/storage/v1/b/terraform-coc-mypp-processed-cv/o/CVAlvaro.json",
            "source": "source/Bucket-terraform-coc-mypp-processed-cv/CVAlvaro.json",
            "storage_class": "STANDARD",
            "temporary_hold": false,
            "timeouts": null
          },
          "sensitive_attributes": [
            [
              {
                "type": "get_attr",
                "value": "content"
              }
            ]
          ],
          "private": "eyJlMmJmYjczMC1lY2FhLTExZTYtOGY4OC0zNDM2M2JjN2M0YzAiOnsiY3JlYXRlIjoyNDAwMDAwMDAwMDAsImRlbGV0ZSI6MjQwMDAwMDAwMDAwLCJ1cGRhdGUiOjI0MDAwMDAwMDAwMH19",
          "dependencies": [
            "google_storage_bucket.terraform_coc_mypp_processed_cv"
          ]
        },
        {
          "index_key": "source/Bucket-terraform-coc-mypp-processed-cv/Curriculum (1)-2 (1).json",
          "schema_version": 0,
          "attributes": {
            "bucket": "terraform-coc-mypp-processed-cv",
            "cache_control": "",
            "content": null,
            "content_disposition": "",
            "content_encoding": "",
            "content_language": "",
            "content_type": "text/plain; charset=utf-8",
            "crc32c": "2gX6qg==",
            "customer_encryption": [],
            "detect_md5hash": "ecLf+iub0bWbzX1c+FjLeA==",
            "event_based_hold": false,
            "generation": 1740073776992858,
            "id": "terraform-coc-mypp-processed-cv-Curriculum (1)-2 (1).json",
            "kms_key_name": "",
            "md5hash": "ecLf+iub0bWbzX1c+FjLeA==",
            "media_link": "https://storage.googleapis.com/download/storage/v1/b/terraform-coc-mypp-processed-cv/o/Curriculum%20(1)-2%20(1).json?generation=1740073776992858\u0026alt=media",
            "metadata": {},
            "name": "Curriculum (1)-2 (1).json",
            "output_name": "Curriculum (1)-2 (1).json",
            "retention": [],
            "self_link": "https://www.googleapis.com/storage/v1/b/terraform-coc-mypp-processed-cv/o/Curriculum%20(1)-2%20(1).json",
            "source": "source/Bucket-terraform-coc-mypp-processed-cv/Curriculum (1)-2 (1).json",
            "storage_class": "STANDARD",
            "temporary_hold": false,
            "timeouts": null
          },
          "sensitive_attributes": [
            [
              {
                "type": "get_attr",
                "value": "content"
              }
            ]
          ],
          "private": "eyJlMmJmYjczMC1lY2FhLTExZTYtOGY4OC0zNDM2M2JjN2M0YzAiOnsiY3JlYXRlIjoyNDAwMDAwMDAwMDAsImRlbGV0ZSI6MjQwMDAwMDAwMDAwLCJ1cGRhdGUiOjI0MDAwMDAwMDAwMH19",
          "dependencies": [
            "google_storage_bucket.terraform_coc_mypp_processed_cv"
          ]
        },
        {
          "index_key": "source/Bucket-terraform-coc-mypp-processed-cv/cv01.json",
          "schema_version": 0,
          "attributes": {
            "bucket": "terraform-coc-mypp-processed-cv",
            "cache_control": "",
            "content": null,
            "content_disposition": "",
            "content_encoding": "",
            "content_language": "",
            "content_type": "text/plain; charset=utf-8",
            "crc32c": "1HMEng==",
            "customer_encryption": [],
            "detect_md5hash": "J65L5QwAO8k5QYrlxLOvoQ==",
            "event_based_hold": false,
            "generation": 1740073775003907,
            "id": "terraform-coc-mypp-processed-cv-cv01.json",
            "kms_key_name": "",
            "md5hash": "J65L5QwAO8k5QYrlxLOvoQ==",
            "media_link": "https://storage.googleapis.com/download/storage/v1/b/terraform-coc-mypp-processed-cv/o/cv01.json?generation=1740073775003907\u0026alt=media",
            "metadata": {},
            "name": "cv01.json",
            "output_name": "cv01.json",
            "retention": [],
            "self_link": "https://www.googleapis.com/storage/v1/b/terraform-coc-mypp-processed-cv/o/cv01.json",
            "source": "source/Bucket-terraform-coc-mypp-processed-cv/cv01.json",
            "storage_class": "STANDARD",
            "temporary_hold": false,
            "timeouts": null
          },
          "sensitive_attributes": [
            [
              {
                "type": "get_attr",
                "value": "content"
              }
            ]
          ],
          "private": "eyJlMmJmYjczMC1lY2FhLTExZTYtOGY4OC0zNDM2M2JjN2M0YzAiOnsiY3JlYXRlIjoyNDAwMDAwMDAwMDAsImRlbGV0ZSI6MjQwMDAwMDAwMDAwLCJ1cGRhdGUiOjI0MDAwMDAwMDAwMH19",
          "dependencies": [
            "google_storage_bucket.terraform_coc_mypp_processed_cv"
          ]
        },
        {
          "index_key": "source/Bucket-terraform-coc-mypp-processed-cv/cv03.json",
          "schema_version": 0,
          "attributes": {
            "bucket": "terraform-coc-mypp-processed-cv",
            "cache_control": "",
            "content": null,
            "content_disposition": "",
            "content_encoding": "",
            "content_language": "",
            "content_type": "text/plain; charset=utf-8",
            "crc32c": "ajOoQA==",
            "customer_encryption": [],
            "detect_md5hash": "sAn2eJAvT+FbNEtjd7n/Ew==",
            "event_based_hold": false,
            "generation": 1740073775992813,
            "id": "terraform-coc-mypp-processed-cv-cv03.json",
            "kms_key_name": "",
            "md5hash": "sAn2eJAvT+FbNEtjd7n/Ew==",
            "media_link": "https://storage.googleapis.com/download/storage/v1/b/terraform-coc-mypp-processed-cv/o/cv03.json?generation=1740073775992813\u0026alt=media",
            "metadata": {},
            "name": "cv03.json",
            "output_name": "cv03.json",
            "retention": [],
            "self_link": "https://www.googleapis.com/storage/v1/b/terraform-coc-mypp-processed-cv/o/cv03.json",
            "source": "source/Bucket-terraform-coc-mypp-processed-cv/cv03.json",
            "storage_class": "STANDARD",
            "temporary_hold": false,
            "timeouts": null
          },
          "sensitive_attributes": [
            [
              {
                "type": "get_attr",
                "value": "content"
              }
            ]
          ],
          "private": "eyJlMmJmYjczMC1lY2FhLTExZTYtOGY4OC0zNDM2M2JjN2M0YzAiOnsiY3JlYXRlIjoyNDAwMDAwMDAwMDAsImRlbGV0ZSI6MjQwMDAwMDAwMDAwLCJ1cGRhdGUiOjI0MDAwMDAwMDAwMH19",
          "dependencies": [
            "google_storage_bucket.terraform_coc_mypp_processed_cv"
          ]
        },
        {
          "index_key": "source/Bucket-terraform-coc-mypp-processed-cv/cvcarmen.json",
          "schema_version": 0,
          "attributes": {
            "bucket": "terraform-coc-mypp-processed-cv",
            "cache_control": "",
            "content": null,
            "content_disposition": "",
            "content_encoding": "",
            "content_language": "",
            "content_type": "text/plain; charset=utf-8",
            "crc32c": "0vETBQ==",
            "customer_encryption": [],
            "detect_md5hash": "lnd4rYFAihldZBpJOnuX2w==",
            "event_based_hold": false,
            "generation": 1740073777620827,
            "id": "terraform-coc-mypp-processed-cv-cvcarmen.json",
            "kms_key_name": "",
            "md5hash": "lnd4rYFAihldZBpJOnuX2w==",
            "media_link": "https://storage.googleapis.com/download/storage/v1/b/terraform-coc-mypp-processed-cv/o/cvcarmen.json?generation=1740073777620827\u0026alt=media",
            "metadata": {},
            "name": "cvcarmen.json",
            "output_name": "cvcarmen.json",
            "retention": [],
            "self_link": "https://www.googleapis.com/storage/v1/b/terraform-coc-mypp-processed-cv/o/cvcarmen.json",
            "source": "source/Bucket-terraform-coc-mypp-processed-cv/cvcarmen.json",
            "storage_class": "STANDARD",
            "temporary_hold": false,
            "timeouts": null
          },
          "sensitive_attributes": [
            [
              {
                "type": "get_attr",
                "value": "content"
              }
            ]
          ],
          "private": "eyJlMmJmYjczMC1lY2FhLTExZTYtOGY4OC0zNDM2M2JjN2M0YzAiOnsiY3JlYXRlIjoyNDAwMDAwMDAwMDAsImRlbGV0ZSI6MjQwMDAwMDAwMDAwLCJ1cGRhdGUiOjI0MDAwMDAwMDAwMH19",
          "dependencies": [
            "google_storage_bucket.terraform_coc_mypp_processed_cv"
          ]
        },
        {
          "index_key": "source/Bucket-terraform-coc-mypp-processed-cv/files_cv_pdf_cv03.json",
          "schema_version": 0,
          "attributes": {
            "bucket": "terraform-coc-mypp-processed-cv",
            "cache_control": "",
            "content": null,
            "content_disposition": "",
            "content_encoding": "",
            "content_language": "",
            "content_type": "text/plain; charset=utf-8",
            "crc32c": "FMnGgQ==",
            "customer_encryption": [],
            "detect_md5hash": "/l9MV5BX8nnHog4WlxKOCQ==",
            "event_based_hold": false,
            "generation": 1740073777636870,
            "id": "terraform-coc-mypp-processed-cv-files_cv_pdf_cv03.json",
            "kms_key_name": "",
            "md5hash": "/l9MV5BX8nnHog4WlxKOCQ==",
            "media_link": "https://storage.googleapis.com/download/storage/v1/b/terraform-coc-mypp-processed-cv/o/files_cv_pdf_cv03.json?generation=1740073777636870\u0026alt=media",
            "metadata": {},
            "name": "files_cv_pdf_cv03.json",
            "output_name": "files_cv_pdf_cv03.json",
            "retention": [],
            "self_link": "https://www.googleapis.com/storage/v1/b/terraform-coc-mypp-processed-cv/o/files_cv_pdf_cv03.json",
            "source": "source/Bucket-terraform-coc-mypp-processed-cv/files_cv_pdf_cv03.json",
            "storage_class": "STANDARD",
            "temporary_hold": false,
            "timeouts": null
          },
          "sensitive_attributes": [
            [
              {
                "type": "get_attr",
                "value": "content"
              }
            ]
          ],
          "private": "eyJlMmJmYjczMC1lY2FhLTExZTYtOGY4OC0zNDM2M2JjN2M0YzAiOnsiY3JlYXRlIjoyNDAwMDAwMDAwMDAsImRlbGV0ZSI6MjQwMDAwMDAwMDAwLCJ1cGRhdGUiOjI0MDAwMDAwMDAwMH19",
          "dependencies": [
            "google_storage_bucket.terraform_coc_mypp_processed_cv"
          ]
        },
        {
          "index_key": "source/Bucket-terraform-coc-mypp-processed-cv/payload.json",
          "schema_version": 0,
          "attributes": {
            "bucket": "terraform-coc-mypp-processed-cv",
            "cache_control": "",
            "content": null,
            "content_disposition": "",
            "content_encoding": "",
            "content_language": "",
            "content_type": "text/plain; charset=utf-8",
            "crc32c": "ImvZWg==",
            "customer_encryption": [],
            "detect_md5hash": "eW2h77pwwPcJm9JAEzBbcQ==",
            "event_based_hold": false,
            "generation": 1740073776175375,
            "id": "terraform-coc-mypp-processed-cv-payload.json",
            "kms_key_name": "",
            "md5hash": "eW2h77pwwPcJm9JAEzBbcQ==",
            "media_link": "https://storage.googleapis.com/download/storage/v1/b/terraform-coc-mypp-processed-cv/o/payload.json?generation=1740073776175375\u0026alt=media",
            "metadata": {},
            "name": "payload.json",
            "output_name": "payload.json",
            "retention": [],
            "self_link": "https://www.googleapis.com/storage/v1/b/terraform-coc-mypp-processed-cv/o/payload.json",
            "source": "source/Bucket-terraform-coc-mypp-processed-cv/payload.json",
            "storage_class": "STANDARD",
            "temporary_hold": false,
            "timeouts": null
          },
          "sensitive_attributes": [
            [
              {
                "type": "get_attr",
                "value": "content"
              }
            ]
          ],
          "private": "eyJlMmJmYjczMC1lY2FhLTExZTYtOGY4OC0zNDM2M2JjN2M0YzAiOnsiY3JlYXRlIjoyNDAwMDAwMDAwMDAsImRlbGV0ZSI6MjQwMDAwMDAwMDAwLCJ1cGRhdGUiOjI0MDAwMDAwMDAwMH19",
          "dependencies": [
            "google_storage_bucket.terraform_coc_mypp_processed_cv"
          ]
        },
        {
          "index_key": "source/Bucket-terraform-coc-mypp-processed-cv/Álvaro Barrera 1 cara.json",
          "schema_version": 0,
          "attributes": {
            "bucket": "terraform-coc-mypp-processed-cv",
            "cache_control": "",
            "content": null,
            "content_disposition": "",
            "content_encoding": "",
            "content_language": "",
            "content_type": "text/plain; charset=utf-8",
            "crc32c": "iY74EQ==",
            "customer_encryption": [],
            "detect_md5hash": "vi/lnmeat5TNYr+MH3BbJw==",
            "event_based_hold": false,
            "generation": 1740073778148266,
            "id": "terraform-coc-mypp-processed-cv-Álvaro Barrera 1 cara.json",
            "kms_key_name": "",
            "md5hash": "vi/lnmeat5TNYr+MH3BbJw==",
            "media_link": "https://storage.googleapis.com/download/storage/v1/b/terraform-coc-mypp-processed-cv/o/%C3%81lvaro%20Barrera%201%20cara.json?generation=1740073778148266\u0026alt=media",
            "metadata": {},
            "name": "Álvaro Barrera 1 cara.json",
            "output_name": "Álvaro Barrera 1 cara.json",
            "retention": [],
            "self_link": "https://www.googleapis.com/storage/v1/b/terraform-coc-mypp-processed-cv/o/%C3%81lvaro%20Barrera%201%20cara.json",
            "source": "source/Bucket-terraform-coc-mypp-processed-cv/Álvaro Barrera 1 cara.json",
            "storage_class": "STANDARD",
            "temporary_hold": false,
            "timeouts": null
          },
          "sensitive_attributes": [
            [
              {
                "type": "get_attr",
                "value": "content"
              }
            ]
          ],
          "private": "eyJlMmJmYjczMC1lY2FhLTExZTYtOGY4OC0zNDM2M2JjN2M0YzAiOnsiY3JlYXRlIjoyNDAwMDAwMDAwMDAsImRlbGV0ZSI6MjQwMDAwMDAwMDAwLCJ1cGRhdGUiOjI0MDAwMDAwMDAwMH19",
          "dependencies": [
            "google_storage_bucket.terraform_coc_mypp_processed_cv"
          ]
        }
      ]
    },
    {
      "mode": "managed",
      "type": "google_storage_bucket_object",
      "name": "upload_terraform_coc_mypp_processed_pdf_files",
      "provider": "provider[\"registry.terraform.io/hashicorp/google\"]",
      "instances": [
        {
          "index_key": "source/Bucket-terraform-coc-mypp-processed-pdf/CVAlvaro.pdf",
          "schema_version": 0,
          "attributes": {
            "bucket": "terraform-coc-mypp-processed-pdf",
            "cache_control": "",
            "content": null,
            "content_disposition": "",
            "content_encoding": "",
            "content_language": "",
            "content_type": "application/pdf",
            "crc32c": "K1gmZw==",
            "customer_encryption": [],
            "detect_md5hash": "NTnejFGt7Qf/z/ZJxB7+Ug==",
            "event_based_hold": false,
            "generation": 1740073771158096,
            "id": "terraform-coc-mypp-processed-pdf-CVAlvaro.pdf",
            "kms_key_name": "",
            "md5hash": "NTnejFGt7Qf/z/ZJxB7+Ug==",
            "media_link": "https://storage.googleapis.com/download/storage/v1/b/terraform-coc-mypp-processed-pdf/o/CVAlvaro.pdf?generation=1740073771158096\u0026alt=media",
            "metadata": {},
            "name": "CVAlvaro.pdf",
            "output_name": "CVAlvaro.pdf",
            "retention": [],
            "self_link": "https://www.googleapis.com/storage/v1/b/terraform-coc-mypp-processed-pdf/o/CVAlvaro.pdf",
            "source": "source/Bucket-terraform-coc-mypp-processed-pdf/CVAlvaro.pdf",
            "storage_class": "NEARLINE",
            "temporary_hold": false,
            "timeouts": null
          },
          "sensitive_attributes": [
            [
              {
                "type": "get_attr",
                "value": "content"
              }
            ]
          ],
          "private": "eyJlMmJmYjczMC1lY2FhLTExZTYtOGY4OC0zNDM2M2JjN2M0YzAiOnsiY3JlYXRlIjoyNDAwMDAwMDAwMDAsImRlbGV0ZSI6MjQwMDAwMDAwMDAwLCJ1cGRhdGUiOjI0MDAwMDAwMDAwMH19",
          "dependencies": [
            "google_storage_bucket.terraform_coc_mypp_processed_pdf"
          ]
        },
        {
          "index_key": "source/Bucket-terraform-coc-mypp-processed-pdf/Curriculum (1)-2 (1).pdf",
          "schema_version": 0,
          "attributes": {
            "bucket": "terraform-coc-mypp-processed-pdf",
            "cache_control": "",
            "content": null,
            "content_disposition": "",
            "content_encoding": "",
            "content_language": "",
            "content_type": "application/pdf",
            "crc32c": "D+GCrA==",
            "customer_encryption": [],
            "detect_md5hash": "lZAIh+BT36GHUaOnE5OdXQ==",
            "event_based_hold": false,
            "generation": 1740073772984499,
            "id": "terraform-coc-mypp-processed-pdf-Curriculum (1)-2 (1).pdf",
            "kms_key_name": "",
            "md5hash": "lZAIh+BT36GHUaOnE5OdXQ==",
            "media_link": "https://storage.googleapis.com/download/storage/v1/b/terraform-coc-mypp-processed-pdf/o/Curriculum%20(1)-2%20(1).pdf?generation=1740073772984499\u0026alt=media",
            "metadata": {},
            "name": "Curriculum (1)-2 (1).pdf",
            "output_name": "Curriculum (1)-2 (1).pdf",
            "retention": [],
            "self_link": "https://www.googleapis.com/storage/v1/b/terraform-coc-mypp-processed-pdf/o/Curriculum%20(1)-2%20(1).pdf",
            "source": "source/Bucket-terraform-coc-mypp-processed-pdf/Curriculum (1)-2 (1).pdf",
            "storage_class": "NEARLINE",
            "temporary_hold": false,
            "timeouts": null
          },
          "sensitive_attributes": [
            [
              {
                "type": "get_attr",
                "value": "content"
              }
            ]
          ],
          "private": "eyJlMmJmYjczMC1lY2FhLTExZTYtOGY4OC0zNDM2M2JjN2M0YzAiOnsiY3JlYXRlIjoyNDAwMDAwMDAwMDAsImRlbGV0ZSI6MjQwMDAwMDAwMDAwLCJ1cGRhdGUiOjI0MDAwMDAwMDAwMH19",
          "dependencies": [
            "google_storage_bucket.terraform_coc_mypp_processed_pdf"
          ]
        },
        {
          "index_key": "source/Bucket-terraform-coc-mypp-processed-pdf/Cyber Security Analyst.pdf",
          "schema_version": 0,
          "attributes": {
            "bucket": "terraform-coc-mypp-processed-pdf",
            "cache_control": "",
            "content": null,
            "content_disposition": "",
            "content_encoding": "",
            "content_language": "",
            "content_type": "application/pdf",
            "crc32c": "IH2chg==",
            "customer_encryption": [],
            "detect_md5hash": "teMZKqlpVXNm90+euG1tBQ==",
            "event_based_hold": false,
            "generation": 1740073775248041,
            "id": "terraform-coc-mypp-processed-pdf-Cyber Security Analyst.pdf",
            "kms_key_name": "",
            "md5hash": "teMZKqlpVXNm90+euG1tBQ==",
            "media_link": "https://storage.googleapis.com/download/storage/v1/b/terraform-coc-mypp-processed-pdf/o/Cyber%20Security%20Analyst.pdf?generation=1740073775248041\u0026alt=media",
            "metadata": {},
            "name": "Cyber Security Analyst.pdf",
            "output_name": "Cyber Security Analyst.pdf",
            "retention": [],
            "self_link": "https://www.googleapis.com/storage/v1/b/terraform-coc-mypp-processed-pdf/o/Cyber%20Security%20Analyst.pdf",
            "source": "source/Bucket-terraform-coc-mypp-processed-pdf/Cyber Security Analyst.pdf",
            "storage_class": "NEARLINE",
            "temporary_hold": false,
            "timeouts": null
          },
          "sensitive_attributes": [
            [
              {
                "type": "get_attr",
                "value": "content"
              }
            ]
          ],
          "private": "eyJlMmJmYjczMC1lY2FhLTExZTYtOGY4OC0zNDM2M2JjN2M0YzAiOnsiY3JlYXRlIjoyNDAwMDAwMDAwMDAsImRlbGV0ZSI6MjQwMDAwMDAwMDAwLCJ1cGRhdGUiOjI0MDAwMDAwMDAwMH19",
          "dependencies": [
            "google_storage_bucket.terraform_coc_mypp_processed_pdf"
          ]
        },
        {
          "index_key": "source/Bucket-terraform-coc-mypp-processed-pdf/HELP DESK.pdf",
          "schema_version": 0,
          "attributes": {
            "bucket": "terraform-coc-mypp-processed-pdf",
            "cache_control": "",
            "content": null,
            "content_disposition": "",
            "content_encoding": "",
            "content_language": "",
            "content_type": "application/pdf",
            "crc32c": "szXtiA==",
            "customer_encryption": [],
            "detect_md5hash": "sf+sxhHGJMv0uLqI77k8Xg==",
            "event_based_hold": false,
            "generation": 1740073772977278,
            "id": "terraform-coc-mypp-processed-pdf-HELP DESK.pdf",
            "kms_key_name": "",
            "md5hash": "sf+sxhHGJMv0uLqI77k8Xg==",
            "media_link": "https://storage.googleapis.com/download/storage/v1/b/terraform-coc-mypp-processed-pdf/o/HELP%20DESK.pdf?generation=1740073772977278\u0026alt=media",
            "metadata": {},
            "name": "HELP DESK.pdf",
            "output_name": "HELP DESK.pdf",
            "retention": [],
            "self_link": "https://www.googleapis.com/storage/v1/b/terraform-coc-mypp-processed-pdf/o/HELP%20DESK.pdf",
            "source": "source/Bucket-terraform-coc-mypp-processed-pdf/HELP DESK.pdf",
            "storage_class": "NEARLINE",
            "temporary_hold": false,
            "timeouts": null
          },
          "sensitive_attributes": [
            [
              {
                "type": "get_attr",
                "value": "content"
              }
            ]
          ],
          "private": "eyJlMmJmYjczMC1lY2FhLTExZTYtOGY4OC0zNDM2M2JjN2M0YzAiOnsiY3JlYXRlIjoyNDAwMDAwMDAwMDAsImRlbGV0ZSI6MjQwMDAwMDAwMDAwLCJ1cGRhdGUiOjI0MDAwMDAwMDAwMH19",
          "dependencies": [
            "google_storage_bucket.terraform_coc_mypp_processed_pdf"
          ]
        },
        {
          "index_key": "source/Bucket-terraform-coc-mypp-processed-pdf/cv03.pdf",
          "schema_version": 0,
          "attributes": {
            "bucket": "terraform-coc-mypp-processed-pdf",
            "cache_control": "",
            "content": null,
            "content_disposition": "",
            "content_encoding": "",
            "content_language": "",
            "content_type": "application/pdf",
            "crc32c": "5NKP5Q==",
            "customer_encryption": [],
            "detect_md5hash": "rWv2DDPB1QxVXmXYY3LHYg==",
            "event_based_hold": false,
            "generation": 1740073768977936,
            "id": "terraform-coc-mypp-processed-pdf-cv03.pdf",
            "kms_key_name": "",
            "md5hash": "rWv2DDPB1QxVXmXYY3LHYg==",
            "media_link": "https://storage.googleapis.com/download/storage/v1/b/terraform-coc-mypp-processed-pdf/o/cv03.pdf?generation=1740073768977936\u0026alt=media",
            "metadata": {},
            "name": "cv03.pdf",
            "output_name": "cv03.pdf",
            "retention": [],
            "self_link": "https://www.googleapis.com/storage/v1/b/terraform-coc-mypp-processed-pdf/o/cv03.pdf",
            "source": "source/Bucket-terraform-coc-mypp-processed-pdf/cv03.pdf",
            "storage_class": "NEARLINE",
            "temporary_hold": false,
            "timeouts": null
          },
          "sensitive_attributes": [
            [
              {
                "type": "get_attr",
                "value": "content"
              }
            ]
          ],
          "private": "eyJlMmJmYjczMC1lY2FhLTExZTYtOGY4OC0zNDM2M2JjN2M0YzAiOnsiY3JlYXRlIjoyNDAwMDAwMDAwMDAsImRlbGV0ZSI6MjQwMDAwMDAwMDAwLCJ1cGRhdGUiOjI0MDAwMDAwMDAwMH19",
          "dependencies": [
            "google_storage_bucket.terraform_coc_mypp_processed_pdf"
          ]
        },
        {
          "index_key": "source/Bucket-terraform-coc-mypp-processed-pdf/cv04.pdf",
          "schema_version": 0,
          "attributes": {
            "bucket": "terraform-coc-mypp-processed-pdf",
            "cache_control": "",
            "content": null,
            "content_disposition": "",
            "content_encoding": "",
            "content_language": "",
            "content_type": "application/pdf",
            "crc32c": "DrqVbw==",
            "customer_encryption": [],
            "detect_md5hash": "O3en7ClxHJXLvIzp2qAfiw==",
            "event_based_hold": false,
            "generation": 1740073769216899,
            "id": "terraform-coc-mypp-processed-pdf-cv04.pdf",
            "kms_key_name": "",
            "md5hash": "O3en7ClxHJXLvIzp2qAfiw==",
            "media_link": "https://storage.googleapis.com/download/storage/v1/b/terraform-coc-mypp-processed-pdf/o/cv04.pdf?generation=1740073769216899\u0026alt=media",
            "metadata": {},
            "name": "cv04.pdf",
            "output_name": "cv04.pdf",
            "retention": [],
            "self_link": "https://www.googleapis.com/storage/v1/b/terraform-coc-mypp-processed-pdf/o/cv04.pdf",
            "source": "source/Bucket-terraform-coc-mypp-processed-pdf/cv04.pdf",
            "storage_class": "NEARLINE",
            "temporary_hold": false,
            "timeouts": null
          },
          "sensitive_attributes": [
            [
              {
                "type": "get_attr",
                "value": "content"
              }
            ]
          ],
          "private": "eyJlMmJmYjczMC1lY2FhLTExZTYtOGY4OC0zNDM2M2JjN2M0YzAiOnsiY3JlYXRlIjoyNDAwMDAwMDAwMDAsImRlbGV0ZSI6MjQwMDAwMDAwMDAwLCJ1cGRhdGUiOjI0MDAwMDAwMDAwMH19",
          "dependencies": [
            "google_storage_bucket.terraform_coc_mypp_processed_pdf"
          ]
        },
        {
          "index_key": "source/Bucket-terraform-coc-mypp-processed-pdf/file_name.pdf",
          "schema_version": 0,
          "attributes": {
            "bucket": "terraform-coc-mypp-processed-pdf",
            "cache_control": "",
            "content": null,
            "content_disposition": "",
            "content_encoding": "",
            "content_language": "",
            "content_type": "application/pdf",
            "crc32c": "K1gmZw==",
            "customer_encryption": [],
            "detect_md5hash": "NTnejFGt7Qf/z/ZJxB7+Ug==",
            "event_based_hold": false,
            "generation": 1740073772591967,
            "id": "terraform-coc-mypp-processed-pdf-file_name.pdf",
            "kms_key_name": "",
            "md5hash": "NTnejFGt7Qf/z/ZJxB7+Ug==",
            "media_link": "https://storage.googleapis.com/download/storage/v1/b/terraform-coc-mypp-processed-pdf/o/file_name.pdf?generation=1740073772591967\u0026alt=media",
            "metadata": {},
            "name": "file_name.pdf",
            "output_name": "file_name.pdf",
            "retention": [],
            "self_link": "https://www.googleapis.com/storage/v1/b/terraform-coc-mypp-processed-pdf/o/file_name.pdf",
            "source": "source/Bucket-terraform-coc-mypp-processed-pdf/file_name.pdf",
            "storage_class": "NEARLINE",
            "temporary_hold": false,
            "timeouts": null
          },
          "sensitive_attributes": [
            [
              {
                "type": "get_attr",
                "value": "content"
              }
            ]
          ],
          "private": "eyJlMmJmYjczMC1lY2FhLTExZTYtOGY4OC0zNDM2M2JjN2M0YzAiOnsiY3JlYXRlIjoyNDAwMDAwMDAwMDAsImRlbGV0ZSI6MjQwMDAwMDAwMDAwLCJ1cGRhdGUiOjI0MDAwMDAwMDAwMH19",
          "dependencies": [
            "google_storage_bucket.terraform_coc_mypp_processed_pdf"
          ]
        },
        {
          "index_key": "source/Bucket-terraform-coc-mypp-processed-pdf/files_cv_pdf_cv03.pdf",
          "schema_version": 0,
          "attributes": {
            "bucket": "terraform-coc-mypp-processed-pdf",
            "cache_control": "",
            "content": null,
            "content_disposition": "",
            "content_encoding": "",
            "content_language": "",
            "content_type": "application/pdf",
            "crc32c": "5NKP5Q==",
            "customer_encryption": [],
            "detect_md5hash": "rWv2DDPB1QxVXmXYY3LHYg==",
            "event_based_hold": false,
            "generation": 1740073771309540,
            "id": "terraform-coc-mypp-processed-pdf-files_cv_pdf_cv03.pdf",
            "kms_key_name": "",
            "md5hash": "rWv2DDPB1QxVXmXYY3LHYg==",
            "media_link": "https://storage.googleapis.com/download/storage/v1/b/terraform-coc-mypp-processed-pdf/o/files_cv_pdf_cv03.pdf?generation=1740073771309540\u0026alt=media",
            "metadata": {},
            "name": "files_cv_pdf_cv03.pdf",
            "output_name": "files_cv_pdf_cv03.pdf",
            "retention": [],
            "self_link": "https://www.googleapis.com/storage/v1/b/terraform-coc-mypp-processed-pdf/o/files_cv_pdf_cv03.pdf",
            "source": "source/Bucket-terraform-coc-mypp-processed-pdf/files_cv_pdf_cv03.pdf",
            "storage_class": "NEARLINE",
            "temporary_hold": false,
            "timeouts": null
          },
          "sensitive_attributes": [
            [
              {
                "type": "get_attr",
                "value": "content"
              }
            ]
          ],
          "private": "eyJlMmJmYjczMC1lY2FhLTExZTYtOGY4OC0zNDM2M2JjN2M0YzAiOnsiY3JlYXRlIjoyNDAwMDAwMDAwMDAsImRlbGV0ZSI6MjQwMDAwMDAwMDAwLCJ1cGRhdGUiOjI0MDAwMDAwMDAwMH19",
          "dependencies": [
            "google_storage_bucket.terraform_coc_mypp_processed_pdf"
          ]
        },
        {
          "index_key": "source/Bucket-terraform-coc-mypp-processed-pdf/Álvaro Barrera 1 cara.pdf",
          "schema_version": 0,
          "attributes": {
            "bucket": "terraform-coc-mypp-processed-pdf",
            "cache_control": "",
            "content": null,
            "content_disposition": "",
            "content_encoding": "",
            "content_language": "",
            "content_type": "application/pdf",
            "crc32c": "K1gmZw==",
            "customer_encryption": [],
            "detect_md5hash": "NTnejFGt7Qf/z/ZJxB7+Ug==",
            "event_based_hold": false,
            "generation": 1740073772654122,
            "id": "terraform-coc-mypp-processed-pdf-Álvaro Barrera 1 cara.pdf",
            "kms_key_name": "",
            "md5hash": "NTnejFGt7Qf/z/ZJxB7+Ug==",
            "media_link": "https://storage.googleapis.com/download/storage/v1/b/terraform-coc-mypp-processed-pdf/o/%C3%81lvaro%20Barrera%201%20cara.pdf?generation=1740073772654122\u0026alt=media",
            "metadata": {},
            "name": "Álvaro Barrera 1 cara.pdf",
            "output_name": "Álvaro Barrera 1 cara.pdf",
            "retention": [],
            "self_link": "https://www.googleapis.com/storage/v1/b/terraform-coc-mypp-processed-pdf/o/%C3%81lvaro%20Barrera%201%20cara.pdf",
            "source": "source/Bucket-terraform-coc-mypp-processed-pdf/Álvaro Barrera 1 cara.pdf",
            "storage_class": "NEARLINE",
            "temporary_hold": false,
            "timeouts": null
          },
          "sensitive_attributes": [
            [
              {
                "type": "get_attr",
                "value": "content"
              }
            ]
          ],
          "private": "eyJlMmJmYjczMC1lY2FhLTExZTYtOGY4OC0zNDM2M2JjN2M0YzAiOnsiY3JlYXRlIjoyNDAwMDAwMDAwMDAsImRlbGV0ZSI6MjQwMDAwMDAwMDAwLCJ1cGRhdGUiOjI0MDAwMDAwMDAwMH19",
          "dependencies": [
            "google_storage_bucket.terraform_coc_mypp_processed_pdf"
          ]
        }
      ]
    },
    {
      "mode": "managed",
      "type": "google_storage_bucket_object",
      "name": "upload_terraform_coc_mypp_sap_integration_files",
      "provider": "provider[\"registry.terraform.io/hashicorp/google\"]",
      "instances": [
        {
          "index_key": "source/Bucket-terraform-coc-mypp-sap-integration/cv05.pdf",
          "schema_version": 0,
          "attributes": {
            "bucket": "terraform-coc-mypp-sap-integration",
            "cache_control": "",
            "content": null,
            "content_disposition": "",
            "content_encoding": "",
            "content_language": "",
            "content_type": "application/pdf",
            "crc32c": "iQ0Gzw==",
            "customer_encryption": [],
            "detect_md5hash": "AZiZET15LHIOqHKNvHUSvA==",
            "event_based_hold": false,
            "generation": 1740073774404982,
            "id": "terraform-coc-mypp-sap-integration-cv05.pdf",
            "kms_key_name": "",
            "md5hash": "AZiZET15LHIOqHKNvHUSvA==",
            "media_link": "https://storage.googleapis.com/download/storage/v1/b/terraform-coc-mypp-sap-integration/o/cv05.pdf?generation=1740073774404982\u0026alt=media",
            "metadata": {},
            "name": "cv05.pdf",
            "output_name": "cv05.pdf",
            "retention": [],
            "self_link": "https://www.googleapis.com/storage/v1/b/terraform-coc-mypp-sap-integration/o/cv05.pdf",
            "source": "source/Bucket-terraform-coc-mypp-sap-integration/cv05.pdf",
            "storage_class": "STANDARD",
            "temporary_hold": false,
            "timeouts": null
          },
          "sensitive_attributes": [
            [
              {
                "type": "get_attr",
                "value": "content"
              }
            ]
          ],
          "private": "eyJlMmJmYjczMC1lY2FhLTExZTYtOGY4OC0zNDM2M2JjN2M0YzAiOnsiY3JlYXRlIjoyNDAwMDAwMDAwMDAsImRlbGV0ZSI6MjQwMDAwMDAwMDAwLCJ1cGRhdGUiOjI0MDAwMDAwMDAwMH19",
          "dependencies": [
            "google_storage_bucket.terraform_coc_mypp_sap_integration"
          ]
        }
      ]
    },
    {
      "mode": "managed",
      "type": "google_storage_bucket_object",
      "name": "upload_terraform_my_pp_files",
      "provider": "provider[\"registry.terraform.io/hashicorp/google\"]",
      "instances": [
        {
          "index_key": "source/Bucket-terraform-my-pp/ListSkills.txt",
          "schema_version": 0,
          "attributes": {
            "bucket": "terraform-my-pp",
            "cache_control": "",
            "content": null,
            "content_disposition": "",
            "content_encoding": "",
            "content_language": "",
            "content_type": "text/plain; charset=utf-8",
            "crc32c": "F1Ah8Q==",
            "customer_encryption": [],
            "detect_md5hash": "YeZYia5XMLSUnwznRiVYcw==",
            "event_based_hold": false,
            "generation": 1740073761035465,
            "id": "terraform-my-pp-ListSkills.txt",
            "kms_key_name": "",
            "md5hash": "YeZYia5XMLSUnwznRiVYcw==",
            "media_link": "https://storage.googleapis.com/download/storage/v1/b/terraform-my-pp/o/ListSkills.txt?generation=1740073761035465\u0026alt=media",
            "metadata": {},
            "name": "ListSkills.txt",
            "output_name": "ListSkills.txt",
            "retention": [],
            "self_link": "https://www.googleapis.com/storage/v1/b/terraform-my-pp/o/ListSkills.txt",
            "source": "source/Bucket-terraform-my-pp/ListSkills.txt",
            "storage_class": "STANDARD",
            "temporary_hold": false,
            "timeouts": null
          },
          "sensitive_attributes": [
            [
              {
                "type": "get_attr",
                "value": "content"
              }
            ]
          ],
          "private": "eyJlMmJmYjczMC1lY2FhLTExZTYtOGY4OC0zNDM2M2JjN2M0YzAiOnsiY3JlYXRlIjoyNDAwMDAwMDAwMDAsImRlbGV0ZSI6MjQwMDAwMDAwMDAwLCJ1cGRhdGUiOjI0MDAwMDAwMDAwMH19",
          "dependencies": [
            "google_storage_bucket.terraform_my_pp"
          ]
        },
        {
          "index_key": "source/Bucket-terraform-my-pp/Skills.csv",
          "schema_version": 0,
          "attributes": {
            "bucket": "terraform-my-pp",
            "cache_control": "",
            "content": null,
            "content_disposition": "",
            "content_encoding": "",
            "content_language": "",
            "content_type": "text/plain; charset=utf-8",
            "crc32c": "FIhT1A==",
            "customer_encryption": [],
            "detect_md5hash": "1mmlp5BK1AHzwC9SdK1e+w==",
            "event_based_hold": false,
            "generation": 1740073770043826,
            "id": "terraform-my-pp-Skills.csv",
            "kms_key_name": "",
            "md5hash": "1mmlp5BK1AHzwC9SdK1e+w==",
            "media_link": "https://storage.googleapis.com/download/storage/v1/b/terraform-my-pp/o/Skills.csv?generation=1740073770043826\u0026alt=media",
            "metadata": {},
            "name": "Skills.csv",
            "output_name": "Skills.csv",
            "retention": [],
            "self_link": "https://www.googleapis.com/storage/v1/b/terraform-my-pp/o/Skills.csv",
            "source": "source/Bucket-terraform-my-pp/Skills.csv",
            "storage_class": "STANDARD",
            "temporary_hold": false,
            "timeouts": null
          },
          "sensitive_attributes": [
            [
              {
                "type": "get_attr",
                "value": "content"
              }
            ]
          ],
          "private": "eyJlMmJmYjczMC1lY2FhLTExZTYtOGY4OC0zNDM2M2JjN2M0YzAiOnsiY3JlYXRlIjoyNDAwMDAwMDAwMDAsImRlbGV0ZSI6MjQwMDAwMDAwMDAwLCJ1cGRhdGUiOjI0MDAwMDAwMDAwMH19",
          "dependencies": [
            "google_storage_bucket.terraform_my_pp"
          ]
        },
        {
          "index_key": "source/Bucket-terraform-my-pp/Skills.xlsx",
          "schema_version": 0,
          "attributes": {
            "bucket": "terraform-my-pp",
            "cache_control": "",
            "content": null,
            "content_disposition": "",
            "content_encoding": "",
            "content_language": "",
            "content_type": "application/zip",
            "crc32c": "VyZ/uA==",
            "customer_encryption": [],
            "detect_md5hash": "gCFmYJ293oVpfFapN9POcQ==",
            "event_based_hold": false,
            "generation": 1740073761109849,
            "id": "terraform-my-pp-Skills.xlsx",
            "kms_key_name": "",
            "md5hash": "gCFmYJ293oVpfFapN9POcQ==",
            "media_link": "https://storage.googleapis.com/download/storage/v1/b/terraform-my-pp/o/Skills.xlsx?generation=1740073761109849\u0026alt=media",
            "metadata": {},
            "name": "Skills.xlsx",
            "output_name": "Skills.xlsx",
            "retention": [],
            "self_link": "https://www.googleapis.com/storage/v1/b/terraform-my-pp/o/Skills.xlsx",
            "source": "source/Bucket-terraform-my-pp/Skills.xlsx",
            "storage_class": "STANDARD",
            "temporary_hold": false,
            "timeouts": null
          },
          "sensitive_attributes": [
            [
              {
                "type": "get_attr",
                "value": "content"
              }
            ]
          ],
          "private": "eyJlMmJmYjczMC1lY2FhLTExZTYtOGY4OC0zNDM2M2JjN2M0YzAiOnsiY3JlYXRlIjoyNDAwMDAwMDAwMDAsImRlbGV0ZSI6MjQwMDAwMDAwMDAwLCJ1cGRhdGUiOjI0MDAwMDAwMDAwMH19",
          "dependencies": [
            "google_storage_bucket.terraform_my_pp"
          ]
        },
        {
          "index_key": "source/Bucket-terraform-my-pp/cluster_majors_embeddings.npy",
          "schema_version": 0,
          "attributes": {
            "bucket": "terraform-my-pp",
            "cache_control": "",
            "content": null,
            "content_disposition": "",
            "content_encoding": "",
            "content_language": "",
            "content_type": "application/octet-stream",
            "crc32c": "9kaXhw==",
            "customer_encryption": [],
            "detect_md5hash": "9Z6XAG4ynzGkZEcVucBNAg==",
            "event_based_hold": false,
            "generation": 1740073762124870,
            "id": "terraform-my-pp-cluster_majors_embeddings.npy",
            "kms_key_name": "",
            "md5hash": "9Z6XAG4ynzGkZEcVucBNAg==",
            "media_link": "https://storage.googleapis.com/download/storage/v1/b/terraform-my-pp/o/cluster_majors_embeddings.npy?generation=1740073762124870\u0026alt=media",
            "metadata": {},
            "name": "cluster_majors_embeddings.npy",
            "output_name": "cluster_majors_embeddings.npy",
            "retention": [],
            "self_link": "https://www.googleapis.com/storage/v1/b/terraform-my-pp/o/cluster_majors_embeddings.npy",
            "source": "source/Bucket-terraform-my-pp/cluster_majors_embeddings.npy",
            "storage_class": "STANDARD",
            "temporary_hold": false,
            "timeouts": null
          },
          "sensitive_attributes": [
            [
              {
                "type": "get_attr",
                "value": "content"
              }
            ]
          ],
          "private": "eyJlMmJmYjczMC1lY2FhLTExZTYtOGY4OC0zNDM2M2JjN2M0YzAiOnsiY3JlYXRlIjoyNDAwMDAwMDAwMDAsImRlbGV0ZSI6MjQwMDAwMDAwMDAwLCJ1cGRhdGUiOjI0MDAwMDAwMDAwMH19",
          "dependencies": [
            "google_storage_bucket.terraform_my_pp"
          ]
        },
        {
          "index_key": "source/Bucket-terraform-my-pp/cluster_majors_embeddings_005.npy",
          "schema_version": 0,
          "attributes": {
            "bucket": "terraform-my-pp",
            "cache_control": "",
            "content": null,
            "content_disposition": "",
            "content_encoding": "",
            "content_language": "",
            "content_type": "application/octet-stream",
            "crc32c": "KTItUw==",
            "customer_encryption": [],
            "detect_md5hash": "CoaSoy2hI+PKfsWWBWtb9w==",
            "event_based_hold": false,
            "generation": 1740073811650740,
            "id": "terraform-my-pp-cluster_majors_embeddings_005.npy",
            "kms_key_name": "",
            "md5hash": "CoaSoy2hI+PKfsWWBWtb9w==",
            "media_link": "https://storage.googleapis.com/download/storage/v1/b/terraform-my-pp/o/cluster_majors_embeddings_005.npy?generation=1740073811650740\u0026alt=media",
            "metadata": {},
            "name": "cluster_majors_embeddings_005.npy",
            "output_name": "cluster_majors_embeddings_005.npy",
            "retention": [],
            "self_link": "https://www.googleapis.com/storage/v1/b/terraform-my-pp/o/cluster_majors_embeddings_005.npy",
            "source": "source/Bucket-terraform-my-pp/cluster_majors_embeddings_005.npy",
            "storage_class": "STANDARD",
            "temporary_hold": false,
            "timeouts": null
          },
          "sensitive_attributes": [
            [
              {
                "type": "get_attr",
                "value": "content"
              }
            ]
          ],
          "private": "eyJlMmJmYjczMC1lY2FhLTExZTYtOGY4OC0zNDM2M2JjN2M0YzAiOnsiY3JlYXRlIjoyNDAwMDAwMDAwMDAsImRlbGV0ZSI6MjQwMDAwMDAwMDAwLCJ1cGRhdGUiOjI0MDAwMDAwMDAwMH19",
          "dependencies": [
            "google_storage_bucket.terraform_my_pp"
          ]
        },
        {
          "index_key": "source/Bucket-terraform-my-pp/cluster_skills_embeddings.npy",
          "schema_version": 0,
          "attributes": {
            "bucket": "terraform-my-pp",
            "cache_control": "",
            "content": null,
            "content_disposition": "",
            "content_encoding": "",
            "content_language": "",
            "content_type": "application/octet-stream",
            "crc32c": "c5j0Jg==",
            "customer_encryption": [],
            "detect_md5hash": "uB/rsg0epsPxAdfRxYoxSA==",
            "event_based_hold": false,
            "generation": 1740073810921592,
            "id": "terraform-my-pp-cluster_skills_embeddings.npy",
            "kms_key_name": "",
            "md5hash": "uB/rsg0epsPxAdfRxYoxSA==",
            "media_link": "https://storage.googleapis.com/download/storage/v1/b/terraform-my-pp/o/cluster_skills_embeddings.npy?generation=1740073810921592\u0026alt=media",
            "metadata": {},
            "name": "cluster_skills_embeddings.npy",
            "output_name": "cluster_skills_embeddings.npy",
            "retention": [],
            "self_link": "https://www.googleapis.com/storage/v1/b/terraform-my-pp/o/cluster_skills_embeddings.npy",
            "source": "source/Bucket-terraform-my-pp/cluster_skills_embeddings.npy",
            "storage_class": "STANDARD",
            "temporary_hold": false,
            "timeouts": null
          },
          "sensitive_attributes": [
            [
              {
                "type": "get_attr",
                "value": "content"
              }
            ]
          ],
          "private": "eyJlMmJmYjczMC1lY2FhLTExZTYtOGY4OC0zNDM2M2JjN2M0YzAiOnsiY3JlYXRlIjoyNDAwMDAwMDAwMDAsImRlbGV0ZSI6MjQwMDAwMDAwMDAwLCJ1cGRhdGUiOjI0MDAwMDAwMDAwMH19",
          "dependencies": [
            "google_storage_bucket.terraform_my_pp"
          ]
        },
        {
          "index_key": "source/Bucket-terraform-my-pp/cluster_skills_embeddings_005.npy",
          "schema_version": 0,
          "attributes": {
            "bucket": "terraform-my-pp",
            "cache_control": "",
            "content": null,
            "content_disposition": "",
            "content_encoding": "",
            "content_language": "",
            "content_type": "application/octet-stream",
            "crc32c": "VUbJMw==",
            "customer_encryption": [],
            "detect_md5hash": "IoWkz7D2kppgVs9Z2wcg2Q==",
            "event_based_hold": false,
            "generation": 1740073766355479,
            "id": "terraform-my-pp-cluster_skills_embeddings_005.npy",
            "kms_key_name": "",
            "md5hash": "IoWkz7D2kppgVs9Z2wcg2Q==",
            "media_link": "https://storage.googleapis.com/download/storage/v1/b/terraform-my-pp/o/cluster_skills_embeddings_005.npy?generation=1740073766355479\u0026alt=media",
            "metadata": {},
            "name": "cluster_skills_embeddings_005.npy",
            "output_name": "cluster_skills_embeddings_005.npy",
            "retention": [],
            "self_link": "https://www.googleapis.com/storage/v1/b/terraform-my-pp/o/cluster_skills_embeddings_005.npy",
            "source": "source/Bucket-terraform-my-pp/cluster_skills_embeddings_005.npy",
            "storage_class": "STANDARD",
            "temporary_hold": false,
            "timeouts": null
          },
          "sensitive_attributes": [
            [
              {
                "type": "get_attr",
                "value": "content"
              }
            ]
          ],
          "private": "eyJlMmJmYjczMC1lY2FhLTExZTYtOGY4OC0zNDM2M2JjN2M0YzAiOnsiY3JlYXRlIjoyNDAwMDAwMDAwMDAsImRlbGV0ZSI6MjQwMDAwMDAwMDAwLCJ1cGRhdGUiOjI0MDAwMDAwMDAwMH19",
          "dependencies": [
            "google_storage_bucket.terraform_my_pp"
          ]
        },
        {
          "index_key": "source/Bucket-terraform-my-pp/gecko_skills_embeddings1column.npy",
          "schema_version": 0,
          "attributes": {
            "bucket": "terraform-my-pp",
            "cache_control": "",
            "content": null,
            "content_disposition": "",
            "content_encoding": "",
            "content_language": "",
            "content_type": "application/octet-stream",
            "crc32c": "7UJAVQ==",
            "customer_encryption": [],
            "detect_md5hash": "tzgnQkFyDYFxq2pighxXeg==",
            "event_based_hold": false,
            "generation": 1740073810009287,
            "id": "terraform-my-pp-gecko_skills_embeddings1column.npy",
            "kms_key_name": "",
            "md5hash": "tzgnQkFyDYFxq2pighxXeg==",
            "media_link": "https://storage.googleapis.com/download/storage/v1/b/terraform-my-pp/o/gecko_skills_embeddings1column.npy?generation=1740073810009287\u0026alt=media",
            "metadata": {},
            "name": "gecko_skills_embeddings1column.npy",
            "output_name": "gecko_skills_embeddings1column.npy",
            "retention": [],
            "self_link": "https://www.googleapis.com/storage/v1/b/terraform-my-pp/o/gecko_skills_embeddings1column.npy",
            "source": "source/Bucket-terraform-my-pp/gecko_skills_embeddings1column.npy",
            "storage_class": "STANDARD",
            "temporary_hold": false,
            "timeouts": null
          },
          "sensitive_attributes": [
            [
              {
                "type": "get_attr",
                "value": "content"
              }
            ]
          ],
          "private": "eyJlMmJmYjczMC1lY2FhLTExZTYtOGY4OC0zNDM2M2JjN2M0YzAiOnsiY3JlYXRlIjoyNDAwMDAwMDAwMDAsImRlbGV0ZSI6MjQwMDAwMDAwMDAwLCJ1cGRhdGUiOjI0MDAwMDAwMDAwMH19",
          "dependencies": [
            "google_storage_bucket.terraform_my_pp"
          ]
        },
        {
          "index_key": "source/Bucket-terraform-my-pp/gecko_skills_embeddings3column.npy",
          "schema_version": 0,
          "attributes": {
            "bucket": "terraform-my-pp",
            "cache_control": "",
            "content": null,
            "content_disposition": "",
            "content_encoding": "",
            "content_language": "",
            "content_type": "application/octet-stream",
            "crc32c": "gtvXWw==",
            "customer_encryption": [],
            "detect_md5hash": "sxL3oARo/wpa7aBEuYWL4g==",
            "event_based_hold": false,
            "generation": 1740073810434563,
            "id": "terraform-my-pp-gecko_skills_embeddings3column.npy",
            "kms_key_name": "",
            "md5hash": "sxL3oARo/wpa7aBEuYWL4g==",
            "media_link": "https://storage.googleapis.com/download/storage/v1/b/terraform-my-pp/o/gecko_skills_embeddings3column.npy?generation=1740073810434563\u0026alt=media",
            "metadata": {},
            "name": "gecko_skills_embeddings3column.npy",
            "output_name": "gecko_skills_embeddings3column.npy",
            "retention": [],
            "self_link": "https://www.googleapis.com/storage/v1/b/terraform-my-pp/o/gecko_skills_embeddings3column.npy",
            "source": "source/Bucket-terraform-my-pp/gecko_skills_embeddings3column.npy",
            "storage_class": "STANDARD",
            "temporary_hold": false,
            "timeouts": null
          },
          "sensitive_attributes": [
            [
              {
                "type": "get_attr",
                "value": "content"
              }
            ]
          ],
          "private": "eyJlMmJmYjczMC1lY2FhLTExZTYtOGY4OC0zNDM2M2JjN2M0YzAiOnsiY3JlYXRlIjoyNDAwMDAwMDAwMDAsImRlbGV0ZSI6MjQwMDAwMDAwMDAwLCJ1cGRhdGUiOjI0MDAwMDAwMDAwMH19",
          "dependencies": [
            "google_storage_bucket.terraform_my_pp"
          ]
        },
        {
          "index_key": "source/Bucket-terraform-my-pp/major_list.xlsx",
          "schema_version": 0,
          "attributes": {
            "bucket": "terraform-my-pp",
            "cache_control": "",
            "content": null,
            "content_disposition": "",
            "content_encoding": "",
            "content_language": "",
            "content_type": "application/zip",
            "crc32c": "6ykHWg==",
            "customer_encryption": [],
            "detect_md5hash": "n4tSxfDOFlo0G1j7uTL/PA==",
            "event_based_hold": false,
            "generation": 1740073766222545,
            "id": "terraform-my-pp-major_list.xlsx",
            "kms_key_name": "",
            "md5hash": "n4tSxfDOFlo0G1j7uTL/PA==",
            "media_link": "https://storage.googleapis.com/download/storage/v1/b/terraform-my-pp/o/major_list.xlsx?generation=1740073766222545\u0026alt=media",
            "metadata": {},
            "name": "major_list.xlsx",
            "output_name": "major_list.xlsx",
            "retention": [],
            "self_link": "https://www.googleapis.com/storage/v1/b/terraform-my-pp/o/major_list.xlsx",
            "source": "source/Bucket-terraform-my-pp/major_list.xlsx",
            "storage_class": "STANDARD",
            "temporary_hold": false,
            "timeouts": null
          },
          "sensitive_attributes": [
            [
              {
                "type": "get_attr",
                "value": "content"
              }
            ]
          ],
          "private": "eyJlMmJmYjczMC1lY2FhLTExZTYtOGY4OC0zNDM2M2JjN2M0YzAiOnsiY3JlYXRlIjoyNDAwMDAwMDAwMDAsImRlbGV0ZSI6MjQwMDAwMDAwMDAwLCJ1cGRhdGUiOjI0MDAwMDAwMDAwMH19",
          "dependencies": [
            "google_storage_bucket.terraform_my_pp"
          ]
        },
        {
          "index_key": "source/Bucket-terraform-my-pp/majors_embeddings.npy",
          "schema_version": 0,
          "attributes": {
            "bucket": "terraform-my-pp",
            "cache_control": "",
            "content": null,
            "content_disposition": "",
            "content_encoding": "",
            "content_language": "",
            "content_type": "application/octet-stream",
            "crc32c": "ugQI/A==",
            "customer_encryption": [],
            "detect_md5hash": "XM4ieBmnkMBv8JToXbKeIw==",
            "event_based_hold": false,
            "generation": 1740073759544823,
            "id": "terraform-my-pp-majors_embeddings.npy",
            "kms_key_name": "",
            "md5hash": "XM4ieBmnkMBv8JToXbKeIw==",
            "media_link": "https://storage.googleapis.com/download/storage/v1/b/terraform-my-pp/o/majors_embeddings.npy?generation=1740073759544823\u0026alt=media",
            "metadata": {},
            "name": "majors_embeddings.npy",
            "output_name": "majors_embeddings.npy",
            "retention": [],
            "self_link": "https://www.googleapis.com/storage/v1/b/terraform-my-pp/o/majors_embeddings.npy",
            "source": "source/Bucket-terraform-my-pp/majors_embeddings.npy",
            "storage_class": "STANDARD",
            "temporary_hold": false,
            "timeouts": null
          },
          "sensitive_attributes": [
            [
              {
                "type": "get_attr",
                "value": "content"
              }
            ]
          ],
          "private": "eyJlMmJmYjczMC1lY2FhLTExZTYtOGY4OC0zNDM2M2JjN2M0YzAiOnsiY3JlYXRlIjoyNDAwMDAwMDAwMDAsImRlbGV0ZSI6MjQwMDAwMDAwMDAwLCJ1cGRhdGUiOjI0MDAwMDAwMDAwMH19",
          "dependencies": [
            "google_storage_bucket.terraform_my_pp"
          ]
        },
        {
          "index_key": "source/Bucket-terraform-my-pp/skill_list.jsonl",
          "schema_version": 0,
          "attributes": {
            "bucket": "terraform-my-pp",
            "cache_control": "",
            "content": null,
            "content_disposition": "",
            "content_encoding": "",
            "content_language": "",
            "content_type": "text/plain; charset=utf-8",
            "crc32c": "LmUiFA==",
            "customer_encryption": [],
            "detect_md5hash": "JCn0q15XdUvdVBa1A/Gj9Q==",
            "event_based_hold": false,
            "generation": 1740073760293449,
            "id": "terraform-my-pp-skill_list.jsonl",
            "kms_key_name": "",
            "md5hash": "JCn0q15XdUvdVBa1A/Gj9Q==",
            "media_link": "https://storage.googleapis.com/download/storage/v1/b/terraform-my-pp/o/skill_list.jsonl?generation=1740073760293449\u0026alt=media",
            "metadata": {},
            "name": "skill_list.jsonl",
            "output_name": "skill_list.jsonl",
            "retention": [],
            "self_link": "https://www.googleapis.com/storage/v1/b/terraform-my-pp/o/skill_list.jsonl",
            "source": "source/Bucket-terraform-my-pp/skill_list.jsonl",
            "storage_class": "STANDARD",
            "temporary_hold": false,
            "timeouts": null
          },
          "sensitive_attributes": [
            [
              {
                "type": "get_attr",
                "value": "content"
              }
            ]
          ],
          "private": "eyJlMmJmYjczMC1lY2FhLTExZTYtOGY4OC0zNDM2M2JjN2M0YzAiOnsiY3JlYXRlIjoyNDAwMDAwMDAwMDAsImRlbGV0ZSI6MjQwMDAwMDAwMDAwLCJ1cGRhdGUiOjI0MDAwMDAwMDAwMH19",
          "dependencies": [
            "google_storage_bucket.terraform_my_pp"
          ]
        },
        {
          "index_key": "source/Bucket-terraform-my-pp/skills_3columns.txt",
          "schema_version": 0,
          "attributes": {
            "bucket": "terraform-my-pp",
            "cache_control": "",
            "content": null,
            "content_disposition": "",
            "content_encoding": "",
            "content_language": "",
            "content_type": "text/plain; charset=utf-8",
            "crc32c": "WqvU7g==",
            "customer_encryption": [],
            "detect_md5hash": "x0P7gg4uKo18No1iwVe9uw==",
            "event_based_hold": false,
            "generation": 1740073767648943,
            "id": "terraform-my-pp-skills_3columns.txt",
            "kms_key_name": "",
            "md5hash": "x0P7gg4uKo18No1iwVe9uw==",
            "media_link": "https://storage.googleapis.com/download/storage/v1/b/terraform-my-pp/o/skills_3columns.txt?generation=1740073767648943\u0026alt=media",
            "metadata": {},
            "name": "skills_3columns.txt",
            "output_name": "skills_3columns.txt",
            "retention": [],
            "self_link": "https://www.googleapis.com/storage/v1/b/terraform-my-pp/o/skills_3columns.txt",
            "source": "source/Bucket-terraform-my-pp/skills_3columns.txt",
            "storage_class": "STANDARD",
            "temporary_hold": false,
            "timeouts": null
          },
          "sensitive_attributes": [
            [
              {
                "type": "get_attr",
                "value": "content"
              }
            ]
          ],
          "private": "eyJlMmJmYjczMC1lY2FhLTExZTYtOGY4OC0zNDM2M2JjN2M0YzAiOnsiY3JlYXRlIjoyNDAwMDAwMDAwMDAsImRlbGV0ZSI6MjQwMDAwMDAwMDAwLCJ1cGRhdGUiOjI0MDAwMDAwMDAwMH19",
          "dependencies": [
            "google_storage_bucket.terraform_my_pp"
          ]
        }
      ]
    },
    {
      "mode": "managed",
      "type": "null_resource",
      "name": "scan_terraform_coc_mypp_failed_cv_files",
      "provider": "provider[\"registry.terraform.io/hashicorp/null\"]",
      "instances": [
        {
          "schema_version": 0,
          "attributes": {
            "id": "5175413003119396620",
            "triggers": {
              "always_run": "2025-02-20T17:52:34Z"
            }
          },
          "sensitive_attributes": []
        }
      ]
    },
    {
      "mode": "managed",
      "type": "null_resource",
      "name": "scan_terraform_coc_mypp_processed_cv_files",
      "provider": "provider[\"registry.terraform.io/hashicorp/null\"]",
      "instances": [
        {
          "schema_version": 0,
          "attributes": {
            "id": "8713098063010092091",
            "triggers": {
              "always_run": "2025-02-20T17:52:34Z"
            }
          },
          "sensitive_attributes": []
        }
      ]
    },
    {
      "mode": "managed",
      "type": "null_resource",
      "name": "scan_terraform_coc_mypp_processed_pdf_files",
      "provider": "provider[\"registry.terraform.io/hashicorp/null\"]",
      "instances": [
        {
          "schema_version": 0,
          "attributes": {
            "id": "8572804284315595036",
            "triggers": {
              "always_run": "2025-02-20T17:52:34Z"
            }
          },
          "sensitive_attributes": []
        }
      ]
    },
    {
      "mode": "managed",
      "type": "null_resource",
      "name": "scan_terraform_coc_mypp_sap_integration_files",
      "provider": "provider[\"registry.terraform.io/hashicorp/null\"]",
      "instances": [
        {
          "schema_version": 0,
          "attributes": {
            "id": "4575065135921364074",
            "triggers": {
              "always_run": "2025-02-20T17:52:34Z"
            }
          },
          "sensitive_attributes": []
        }
      ]
    },
    {
      "mode": "managed",
      "type": "null_resource",
      "name": "scan_terraform_my_pp",
      "provider": "provider[\"registry.terraform.io/hashicorp/null\"]",
      "instances": [
        {
          "schema_version": 0,
          "attributes": {
            "id": "2224179632064444537",
            "triggers": {
              "always_run": "2025-02-20T17:52:34Z"
            }
          },
          "sensitive_attributes": []
        }
      ]
    },
    {
      "mode": "managed",
      "type": "null_resource",
      "name": "scan_terraform_my_pp_category_embeddings_1col",
      "provider": "provider[\"registry.terraform.io/hashicorp/null\"]",
      "instances": [
        {
          "schema_version": 0,
          "attributes": {
            "id": "6773081561053997866",
            "triggers": {
              "always_run": "2025-02-20T17:52:34Z"
            }
          },
          "sensitive_attributes": []
        }
      ]
    }
  ],
  "check_results": null
}
