{
  "version": 4,
  "terraform_version": "1.10.5",
  "serial": 477,
  "lineage": "79eeedad-9022-d69c-ba54-cf8803d04d2f",
  "outputs": {},
  "resources": [
    {
      "mode": "managed",
      "type": "google_cloudfunctions2_function",
      "name": "terraform_coc_medimrec_poc_function",
      "provider": "provider[\"registry.terraform.io/hashicorp/google\"]",
      "instances": [
        {
          "schema_version": 0,
          "attributes": {
            "build_config": [
              {
                "automatic_update_policy": [
                  {}
                ],
                "build": "projects/613434113599/locations/europe-southwest1/builds/8c262de0-2b0b-496a-a31f-424cc77e71a7",
                "docker_repository": "projects/coc-medimrec-poc/locations/europe-southwest1/repositories/gcf-artifacts",
                "entry_point": "process_cv",
                "environment_variables": {},
                "on_deploy_update_policy": [],
                "runtime": "python311",
                "service_account": "projects/coc-medimrec-poc/serviceAccounts/613434113599-compute@developer.gserviceaccount.com",
                "source": [
                  {
                    "repo_source": [],
                    "storage_source": [
                      {
                        "bucket": "terraform-coc-medimrec-poc-bucket",
                        "generation": 1739975323127202,
                        "object": "index.zip"
                      }
                    ]
                  }
                ],
                "worker_pool": ""
              }
            ],
            "description": "",
            "effective_labels": {
              "goog-terraform-provisioned": "true"
            },
            "environment": "GEN_2",
            "event_trigger": [
              {
                "event_filters": [
                  {
                    "attribute": "bucket",
                    "operator": "",
                    "value": "terraform-coc-mypp-sap-integration"
                  }
                ],
                "event_type": "google.cloud.storage.object.v1.finalized",
                "pubsub_topic": "projects/coc-medimrec-poc/topics/eventarc-eu-terraform-cv-processing-job-562411-879",
                "retry_policy": "RETRY_POLICY_DO_NOT_RETRY",
                "service_account_email": "613434113599-compute@developer.gserviceaccount.com",
                "trigger": "projects/coc-medimrec-poc/locations/eu/triggers/terraform-cv-processing-job-562411",
                "trigger_region": "eu"
              }
            ],
            "id": "projects/coc-medimrec-poc/locations/europe-southwest1/functions/terraform-CV_processing-job",
            "kms_key_name": "",
            "labels": null,
            "location": "europe-southwest1",
            "name": "terraform-CV_processing-job",
            "project": "coc-medimrec-poc",
            "service_config": [
              {
                "all_traffic_on_latest_revision": true,
                "available_cpu": "1.0",
                "available_memory": "1Gi",
                "environment_variables": {
                  "LOG_EXECUTION_ID": "true"
                },
                "gcf_uri": "",
                "ingress_settings": "ALLOW_ALL",
                "max_instance_count": 100,
                "max_instance_request_concurrency": 1,
                "min_instance_count": 0,
                "secret_environment_variables": [],
                "secret_volumes": [],
                "service": "projects/coc-medimrec-poc/locations/europe-southwest1/services/terraform-cv-processing-job",
                "service_account_email": "613434113599-compute@developer.gserviceaccount.com",
                "timeout_seconds": 360,
                "uri": "https://terraform-cv-processing-job-axtvupws6q-no.a.run.app",
                "vpc_connector": "",
                "vpc_connector_egress_settings": ""
              }
            ],
            "state": "ACTIVE",
            "terraform_labels": {
              "goog-terraform-provisioned": "true"
            },
            "timeouts": null,
            "update_time": "2025-02-19T14:31:16.413830104Z",
            "url": "https://europe-southwest1-coc-medimrec-poc.cloudfunctions.net/terraform-CV_processing-job"
          },
          "sensitive_attributes": [],
          "private": "eyJlMmJmYjczMC1lY2FhLTExZTYtOGY4OC0zNDM2M2JjN2M0YzAiOnsiY3JlYXRlIjozNjAwMDAwMDAwMDAwLCJkZWxldGUiOjM2MDAwMDAwMDAwMDAsInVwZGF0ZSI6MzYwMDAwMDAwMDAwMH19",
          "dependencies": [
            "google_storage_bucket.terraform_coc_medimrec_poc_bucket",
            "google_storage_bucket.terraform_coc_mypp_sap_integration",
            "google_storage_bucket_object.terraform_coc_medimrec_poc_object"
          ]
        }
      ]
    },
    {
      "mode": "managed",
      "type": "google_cloudfunctions2_function",
      "name": "terraform_sap_cv_integration_function",
      "provider": "provider[\"registry.terraform.io/hashicorp/google\"]",
      "instances": [
        {
          "schema_version": 0,
          "attributes": {
            "build_config": [
              {
                "automatic_update_policy": [
                  {}
                ],
                "build": "projects/613434113599/locations/europe-southwest1/builds/6f47a46b-ebd6-46a4-b648-9a9192ca90fc",
                "docker_repository": "projects/coc-medimrec-poc/locations/europe-southwest1/repositories/gcf-artifacts",
                "entry_point": "sap_integration",
                "environment_variables": {},
                "on_deploy_update_policy": [],
                "runtime": "python311",
                "service_account": "projects/coc-medimrec-poc/serviceAccounts/613434113599-compute@developer.gserviceaccount.com",
                "source": [
                  {
                    "repo_source": [],
                    "storage_source": [
                      {
                        "bucket": "terraform-coc-medimrec-poc-bucket",
                        "generation": 1739975239537950,
                        "object": "index.zip"
                      }
                    ]
                  }
                ],
                "worker_pool": ""
              }
            ],
            "description": "",
            "effective_labels": {
              "goog-terraform-provisioned": "true"
            },
            "environment": "GEN_2",
            "event_trigger": [
              {
                "event_filters": [
                  {
                    "attribute": "bucket",
                    "operator": "",
                    "value": "terraform-coc-mypp-processed-cv"
                  }
                ],
                "event_type": "google.cloud.storage.object.v1.finalized",
                "pubsub_topic": "projects/coc-medimrec-poc/topics/eventarc-eu-terraform-sap-cv-integration-146116-539",
                "retry_policy": "RETRY_POLICY_DO_NOT_RETRY",
                "service_account_email": "613434113599-compute@developer.gserviceaccount.com",
                "trigger": "projects/coc-medimrec-poc/locations/eu/triggers/terraform-sap-cv-integration-146116",
                "trigger_region": "eu"
              }
            ],
            "id": "projects/coc-medimrec-poc/locations/europe-southwest1/functions/terraform-SAP-CV-integration",
            "kms_key_name": "",
            "labels": {},
            "location": "europe-southwest1",
            "name": "terraform-SAP-CV-integration",
            "project": "coc-medimrec-poc",
            "service_config": [
              {
                "all_traffic_on_latest_revision": true,
                "available_cpu": ".167",
                "available_memory": "256Mi",
                "environment_variables": {
                  "API_URL": "https://atos-development-intergration-mhdx5ahs.it-cpi005-rt.cfapps.eu20.hana.ondemand.com/http/restapi/postCV",
                  "CLIENT_ID": "sb-fa7339af-c41d-4e21-9345-4fa171cbf7b9!b7500|it-rt-atos-development-intergration-mhdx5ahs!b259",
                  "CLIENT_SECRET": "913ede81-4177-48bf-8f48-3af1316cd6ea$p1rjlTzUVP9VqId4w0VgW6EIIJ13aytTNHSGHe00DDk=",
                  "LOG_EXECUTION_ID": "true"
                },
                "gcf_uri": "",
                "ingress_settings": "ALLOW_ALL",
                "max_instance_count": 100,
                "max_instance_request_concurrency": 1,
                "min_instance_count": 0,
                "secret_environment_variables": [],
                "secret_volumes": [],
                "service": "projects/coc-medimrec-poc/locations/europe-southwest1/services/terraform-sap-cv-integration",
                "service_account_email": "613434113599-compute@developer.gserviceaccount.com",
                "timeout_seconds": 60,
                "uri": "https://terraform-sap-cv-integration-axtvupws6q-no.a.run.app",
                "vpc_connector": "",
                "vpc_connector_egress_settings": ""
              }
            ],
            "state": "ACTIVE",
            "terraform_labels": {
              "goog-terraform-provisioned": "true"
            },
            "timeouts": null,
            "update_time": "2025-02-19T14:28:20.681480913Z",
            "url": "https://europe-southwest1-coc-medimrec-poc.cloudfunctions.net/terraform-SAP-CV-integration"
          },
          "sensitive_attributes": [],
          "private": "eyJlMmJmYjczMC1lY2FhLTExZTYtOGY4OC0zNDM2M2JjN2M0YzAiOnsiY3JlYXRlIjozNjAwMDAwMDAwMDAwLCJkZWxldGUiOjM2MDAwMDAwMDAwMDAsInVwZGF0ZSI6MzYwMDAwMDAwMDAwMH19",
          "dependencies": [
            "google_storage_bucket.terraform_coc_medimrec_poc_bucket",
            "google_storage_bucket.terraform_coc_mypp_processed_cv",
            "google_storage_bucket_object.terraform_sap_cv_integration_object"
          ]
        }
      ]
    },
    {
      "mode": "managed",
      "type": "google_storage_bucket",
      "name": "terraform_coc_medimrec_poc_bucket",
      "provider": "provider[\"registry.terraform.io/hashicorp/google\"]",
      "instances": [
        {
          "schema_version": 3,
          "attributes": {
            "autoclass": [],
            "cors": [],
            "custom_placement_config": [],
            "default_event_based_hold": false,
            "effective_labels": {
              "goog-terraform-provisioned": "true"
            },
            "enable_object_retention": false,
            "encryption": [],
            "force_destroy": false,
            "hierarchical_namespace": [
              {
                "enabled": false
              }
            ],
            "id": "terraform-coc-medimrec-poc-bucket",
            "labels": {},
            "lifecycle_rule": [],
            "location": "EUROPE-SOUTHWEST1",
            "logging": [],
            "name": "terraform-coc-medimrec-poc-bucket",
            "project": "coc-medimrec-poc",
            "project_number": 613434113599,
            "public_access_prevention": "inherited",
            "requester_pays": false,
            "retention_policy": [],
            "rpo": null,
            "self_link": "https://www.googleapis.com/storage/v1/b/terraform-coc-medimrec-poc-bucket",
            "soft_delete_policy": [
              {
                "effective_time": "2025-02-19T14:27:15.908Z",
                "retention_duration_seconds": 604800
              }
            ],
            "storage_class": "STANDARD",
            "terraform_labels": {
              "goog-terraform-provisioned": "true"
            },
            "timeouts": null,
            "uniform_bucket_level_access": true,
            "url": "gs://terraform-coc-medimrec-poc-bucket",
            "versioning": [],
            "website": []
          },
          "sensitive_attributes": [],
          "private": "eyJlMmJmYjczMC1lY2FhLTExZTYtOGY4OC0zNDM2M2JjN2M0YzAiOnsiY3JlYXRlIjo2MDAwMDAwMDAwMDAsInJlYWQiOjI0MDAwMDAwMDAwMCwidXBkYXRlIjoyNDAwMDAwMDAwMDB9LCJzY2hlbWFfdmVyc2lvbiI6IjMifQ=="
        }
      ]
    },
    {
      "mode": "managed",
      "type": "google_storage_bucket",
      "name": "terraform_coc_mypp_processed_cv",
      "provider": "provider[\"registry.terraform.io/hashicorp/google\"]",
      "instances": [
        {
          "schema_version": 3,
          "attributes": {
            "autoclass": [],
            "cors": [],
            "custom_placement_config": [],
            "default_event_based_hold": false,
            "effective_labels": {
              "goog-terraform-provisioned": "true"
            },
            "enable_object_retention": false,
            "encryption": [],
            "force_destroy": false,
            "hierarchical_namespace": [
              {
                "enabled": false
              }
            ],
            "id": "terraform-coc-mypp-processed-cv",
            "labels": {},
            "lifecycle_rule": [],
            "location": "EU",
            "logging": [],
            "name": "terraform-coc-mypp-processed-cv",
            "project": "coc-medimrec-poc",
            "project_number": 613434113599,
            "public_access_prevention": "enforced",
            "requester_pays": false,
            "retention_policy": [],
            "rpo": "DEFAULT",
            "self_link": "https://www.googleapis.com/storage/v1/b/terraform-coc-mypp-processed-cv",
            "soft_delete_policy": [
              {
                "effective_time": "2025-02-19T14:27:18.370Z",
                "retention_duration_seconds": 604800
              }
            ],
            "storage_class": "STANDARD",
            "terraform_labels": {
              "goog-terraform-provisioned": "true"
            },
            "timeouts": null,
            "uniform_bucket_level_access": true,
            "url": "gs://terraform-coc-mypp-processed-cv",
            "versioning": [],
            "website": []
          },
          "sensitive_attributes": [],
          "private": "eyJlMmJmYjczMC1lY2FhLTExZTYtOGY4OC0zNDM2M2JjN2M0YzAiOnsiY3JlYXRlIjo2MDAwMDAwMDAwMDAsInJlYWQiOjI0MDAwMDAwMDAwMCwidXBkYXRlIjoyNDAwMDAwMDAwMDB9LCJzY2hlbWFfdmVyc2lvbiI6IjMifQ=="
        }
      ]
    },
    {
      "mode": "managed",
      "type": "google_storage_bucket",
      "name": "terraform_coc_mypp_sap_integration",
      "provider": "provider[\"registry.terraform.io/hashicorp/google\"]",
      "instances": [
        {
          "schema_version": 3,
          "attributes": {
            "autoclass": [],
            "cors": [],
            "custom_placement_config": [],
            "default_event_based_hold": false,
            "effective_labels": {
              "goog-terraform-provisioned": "true"
            },
            "enable_object_retention": false,
            "encryption": [],
            "force_destroy": false,
            "hierarchical_namespace": [
              {
                "enabled": false
              }
            ],
            "id": "terraform-coc-mypp-sap-integration",
            "labels": {},
            "lifecycle_rule": [],
            "location": "EU",
            "logging": [],
            "name": "terraform-coc-mypp-sap-integration",
            "project": "coc-medimrec-poc",
            "project_number": 613434113599,
            "public_access_prevention": "enforced",
            "requester_pays": false,
            "retention_policy": [],
            "rpo": "DEFAULT",
            "self_link": "https://www.googleapis.com/storage/v1/b/terraform-coc-mypp-sap-integration",
            "soft_delete_policy": [
              {
                "effective_time": "2025-02-19T14:27:15.893Z",
                "retention_duration_seconds": 604800
              }
            ],
            "storage_class": "STANDARD",
            "terraform_labels": {
              "goog-terraform-provisioned": "true"
            },
            "timeouts": null,
            "uniform_bucket_level_access": true,
            "url": "gs://terraform-coc-mypp-sap-integration",
            "versioning": [],
            "website": []
          },
          "sensitive_attributes": [],
          "private": "eyJlMmJmYjczMC1lY2FhLTExZTYtOGY4OC0zNDM2M2JjN2M0YzAiOnsiY3JlYXRlIjo2MDAwMDAwMDAwMDAsInJlYWQiOjI0MDAwMDAwMDAwMCwidXBkYXRlIjoyNDAwMDAwMDAwMDB9LCJzY2hlbWFfdmVyc2lvbiI6IjMifQ=="
        }
      ]
    },
    {
      "mode": "managed",
      "type": "google_storage_bucket_object",
      "name": "terraform_coc_medimrec_poc_object",
      "provider": "provider[\"registry.terraform.io/hashicorp/google\"]",
      "instances": [
        {
          "schema_version": 0,
          "attributes": {
            "bucket": "terraform-coc-medimrec-poc-bucket",
            "cache_control": "",
            "content": null,
            "content_disposition": "",
            "content_encoding": "",
            "content_language": "",
            "content_type": "application/zip",
            "crc32c": "Uzk34w==",
            "customer_encryption": [],
            "detect_md5hash": "ovtLtErpMkIO7lPFAXXuHw==",
            "event_based_hold": false,
            "generation": 1739975322586986,
            "id": "terraform-coc-medimrec-poc-bucket-index.zip",
            "kms_key_name": "",
            "md5hash": "ovtLtErpMkIO7lPFAXXuHw==",
            "media_link": "https://storage.googleapis.com/download/storage/v1/b/terraform-coc-medimrec-poc-bucket/o/index.zip?generation=1739975322586986\u0026alt=media",
            "metadata": {},
            "name": "index.zip",
            "output_name": "index.zip",
            "retention": [],
            "self_link": "https://www.googleapis.com/storage/v1/b/terraform-coc-medimrec-poc-bucket/o/index.zip",
            "source": "source/CV_processing-job/function-source.zip",
            "storage_class": "STANDARD",
            "temporary_hold": false,
            "timeouts": null
          },
          "sensitive_attributes": [
            [
              {
                "type": "get_attr",
                "value": "content"
              }
            ]
          ],
          "private": "eyJlMmJmYjczMC1lY2FhLTExZTYtOGY4OC0zNDM2M2JjN2M0YzAiOnsiY3JlYXRlIjoyNDAwMDAwMDAwMDAsImRlbGV0ZSI6MjQwMDAwMDAwMDAwLCJ1cGRhdGUiOjI0MDAwMDAwMDAwMH19",
          "dependencies": [
            "google_storage_bucket.terraform_coc_medimrec_poc_bucket"
          ]
        }
      ]
    },
    {
      "mode": "managed",
      "type": "google_storage_bucket_object",
      "name": "terraform_sap_cv_integration_object",
      "provider": "provider[\"registry.terraform.io/hashicorp/google\"]",
      "instances": [
        {
          "schema_version": 0,
          "attributes": {
            "bucket": "terraform-coc-medimrec-poc-bucket",
            "cache_control": "",
            "content": null,
            "content_disposition": "",
            "content_encoding": "",
            "content_language": "",
            "content_type": "application/zip",
            "crc32c": "TKaA1g==",
            "customer_encryption": [],
            "detect_md5hash": "uAsqXnSDPnTUNyDX2fUDvQ==",
            "event_based_hold": false,
            "generation": 1739975236932873,
            "id": "terraform-coc-medimrec-poc-bucket-index.zip",
            "kms_key_name": "",
            "md5hash": "uAsqXnSDPnTUNyDX2fUDvQ==",
            "media_link": "https://storage.googleapis.com/download/storage/v1/b/terraform-coc-medimrec-poc-bucket/o/index.zip?generation=1739975236932873\u0026alt=media",
            "metadata": {},
            "name": "index.zip",
            "output_name": "index.zip",
            "retention": [],
            "self_link": "https://www.googleapis.com/storage/v1/b/terraform-coc-medimrec-poc-bucket/o/index.zip",
            "source": "source/SAP-CV-integration/function-source.zip",
            "storage_class": "STANDARD",
            "temporary_hold": false,
            "timeouts": null
          },
          "sensitive_attributes": [
            [
              {
                "type": "get_attr",
                "value": "content"
              }
            ]
          ],
          "private": "eyJlMmJmYjczMC1lY2FhLTExZTYtOGY4OC0zNDM2M2JjN2M0YzAiOnsiY3JlYXRlIjoyNDAwMDAwMDAwMDAsImRlbGV0ZSI6MjQwMDAwMDAwMDAwLCJ1cGRhdGUiOjI0MDAwMDAwMDAwMH19",
          "dependencies": [
            "google_storage_bucket.terraform_coc_medimrec_poc_bucket"
          ]
        }
      ]
    },
    {
      "mode": "managed",
      "type": "google_storage_bucket_object",
      "name": "upload_terraform_coc_mypp_processed_cv_files",
      "provider": "provider[\"registry.terraform.io/hashicorp/google\"]",
      "instances": [
        {
          "index_key": "source/Bucket-terraform-coc-mypp-processed-cv/CVAlvaro.json",
          "schema_version": 0,
          "attributes": {
            "bucket": "terraform-coc-mypp-processed-cv",
            "cache_control": "",
            "content": null,
            "content_disposition": "",
            "content_encoding": "",
            "content_language": "",
            "content_type": "text/plain; charset=utf-8",
            "crc32c": "mvoT9w==",
            "customer_encryption": [],
            "detect_md5hash": "pd+tCnuqHTuCEzdxBwwJWg==",
            "event_based_hold": false,
            "generation": 1739975239221949,
            "id": "terraform-coc-mypp-processed-cv-CVAlvaro.json",
            "kms_key_name": "",
            "md5hash": "pd+tCnuqHTuCEzdxBwwJWg==",
            "media_link": "https://storage.googleapis.com/download/storage/v1/b/terraform-coc-mypp-processed-cv/o/CVAlvaro.json?generation=1739975239221949\u0026alt=media",
            "metadata": {},
            "name": "CVAlvaro.json",
            "output_name": "CVAlvaro.json",
            "retention": [],
            "self_link": "https://www.googleapis.com/storage/v1/b/terraform-coc-mypp-processed-cv/o/CVAlvaro.json",
            "source": "source/Bucket-terraform-coc-mypp-processed-cv/CVAlvaro.json",
            "storage_class": "STANDARD",
            "temporary_hold": false,
            "timeouts": null
          },
          "sensitive_attributes": [
            [
              {
                "type": "get_attr",
                "value": "content"
              }
            ]
          ],
          "private": "eyJlMmJmYjczMC1lY2FhLTExZTYtOGY4OC0zNDM2M2JjN2M0YzAiOnsiY3JlYXRlIjoyNDAwMDAwMDAwMDAsImRlbGV0ZSI6MjQwMDAwMDAwMDAwLCJ1cGRhdGUiOjI0MDAwMDAwMDAwMH19",
          "dependencies": [
            "google_storage_bucket.terraform_coc_mypp_processed_cv"
          ]
        },
        {
          "index_key": "source/Bucket-terraform-coc-mypp-processed-cv/Curriculum (1)-2 (1).json",
          "schema_version": 0,
          "attributes": {
            "bucket": "terraform-coc-mypp-processed-cv",
            "cache_control": "",
            "content": null,
            "content_disposition": "",
            "content_encoding": "",
            "content_language": "",
            "content_type": "text/plain; charset=utf-8",
            "crc32c": "2gX6qg==",
            "customer_encryption": [],
            "detect_md5hash": "ecLf+iub0bWbzX1c+FjLeA==",
            "event_based_hold": false,
            "generation": 1739975239179402,
            "id": "terraform-coc-mypp-processed-cv-Curriculum (1)-2 (1).json",
            "kms_key_name": "",
            "md5hash": "ecLf+iub0bWbzX1c+FjLeA==",
            "media_link": "https://storage.googleapis.com/download/storage/v1/b/terraform-coc-mypp-processed-cv/o/Curriculum%20(1)-2%20(1).json?generation=1739975239179402\u0026alt=media",
            "metadata": {},
            "name": "Curriculum (1)-2 (1).json",
            "output_name": "Curriculum (1)-2 (1).json",
            "retention": [],
            "self_link": "https://www.googleapis.com/storage/v1/b/terraform-coc-mypp-processed-cv/o/Curriculum%20(1)-2%20(1).json",
            "source": "source/Bucket-terraform-coc-mypp-processed-cv/Curriculum (1)-2 (1).json",
            "storage_class": "STANDARD",
            "temporary_hold": false,
            "timeouts": null
          },
          "sensitive_attributes": [
            [
              {
                "type": "get_attr",
                "value": "content"
              }
            ]
          ],
          "private": "eyJlMmJmYjczMC1lY2FhLTExZTYtOGY4OC0zNDM2M2JjN2M0YzAiOnsiY3JlYXRlIjoyNDAwMDAwMDAwMDAsImRlbGV0ZSI6MjQwMDAwMDAwMDAwLCJ1cGRhdGUiOjI0MDAwMDAwMDAwMH19",
          "dependencies": [
            "google_storage_bucket.terraform_coc_mypp_processed_cv"
          ]
        },
        {
          "index_key": "source/Bucket-terraform-coc-mypp-processed-cv/cv01.json",
          "schema_version": 0,
          "attributes": {
            "bucket": "terraform-coc-mypp-processed-cv",
            "cache_control": "",
            "content": null,
            "content_disposition": "",
            "content_encoding": "",
            "content_language": "",
            "content_type": "text/plain; charset=utf-8",
            "crc32c": "1HMEng==",
            "customer_encryption": [],
            "detect_md5hash": "J65L5QwAO8k5QYrlxLOvoQ==",
            "event_based_hold": false,
            "generation": 1739975239169056,
            "id": "terraform-coc-mypp-processed-cv-cv01.json",
            "kms_key_name": "",
            "md5hash": "J65L5QwAO8k5QYrlxLOvoQ==",
            "media_link": "https://storage.googleapis.com/download/storage/v1/b/terraform-coc-mypp-processed-cv/o/cv01.json?generation=1739975239169056\u0026alt=media",
            "metadata": {},
            "name": "cv01.json",
            "output_name": "cv01.json",
            "retention": [],
            "self_link": "https://www.googleapis.com/storage/v1/b/terraform-coc-mypp-processed-cv/o/cv01.json",
            "source": "source/Bucket-terraform-coc-mypp-processed-cv/cv01.json",
            "storage_class": "STANDARD",
            "temporary_hold": false,
            "timeouts": null
          },
          "sensitive_attributes": [
            [
              {
                "type": "get_attr",
                "value": "content"
              }
            ]
          ],
          "private": "eyJlMmJmYjczMC1lY2FhLTExZTYtOGY4OC0zNDM2M2JjN2M0YzAiOnsiY3JlYXRlIjoyNDAwMDAwMDAwMDAsImRlbGV0ZSI6MjQwMDAwMDAwMDAwLCJ1cGRhdGUiOjI0MDAwMDAwMDAwMH19",
          "dependencies": [
            "google_storage_bucket.terraform_coc_mypp_processed_cv"
          ]
        },
        {
          "index_key": "source/Bucket-terraform-coc-mypp-processed-cv/cv03.json",
          "schema_version": 0,
          "attributes": {
            "bucket": "terraform-coc-mypp-processed-cv",
            "cache_control": "",
            "content": null,
            "content_disposition": "",
            "content_encoding": "",
            "content_language": "",
            "content_type": "text/plain; charset=utf-8",
            "crc32c": "ajOoQA==",
            "customer_encryption": [],
            "detect_md5hash": "sAn2eJAvT+FbNEtjd7n/Ew==",
            "event_based_hold": false,
            "generation": 1739975239211554,
            "id": "terraform-coc-mypp-processed-cv-cv03.json",
            "kms_key_name": "",
            "md5hash": "sAn2eJAvT+FbNEtjd7n/Ew==",
            "media_link": "https://storage.googleapis.com/download/storage/v1/b/terraform-coc-mypp-processed-cv/o/cv03.json?generation=1739975239211554\u0026alt=media",
            "metadata": {},
            "name": "cv03.json",
            "output_name": "cv03.json",
            "retention": [],
            "self_link": "https://www.googleapis.com/storage/v1/b/terraform-coc-mypp-processed-cv/o/cv03.json",
            "source": "source/Bucket-terraform-coc-mypp-processed-cv/cv03.json",
            "storage_class": "STANDARD",
            "temporary_hold": false,
            "timeouts": null
          },
          "sensitive_attributes": [
            [
              {
                "type": "get_attr",
                "value": "content"
              }
            ]
          ],
          "private": "eyJlMmJmYjczMC1lY2FhLTExZTYtOGY4OC0zNDM2M2JjN2M0YzAiOnsiY3JlYXRlIjoyNDAwMDAwMDAwMDAsImRlbGV0ZSI6MjQwMDAwMDAwMDAwLCJ1cGRhdGUiOjI0MDAwMDAwMDAwMH19",
          "dependencies": [
            "google_storage_bucket.terraform_coc_mypp_processed_cv"
          ]
        },
        {
          "index_key": "source/Bucket-terraform-coc-mypp-processed-cv/cvcarmen.json",
          "schema_version": 0,
          "attributes": {
            "bucket": "terraform-coc-mypp-processed-cv",
            "cache_control": "",
            "content": null,
            "content_disposition": "",
            "content_encoding": "",
            "content_language": "",
            "content_type": "text/plain; charset=utf-8",
            "crc32c": "0vETBQ==",
            "customer_encryption": [],
            "detect_md5hash": "lnd4rYFAihldZBpJOnuX2w==",
            "event_based_hold": false,
            "generation": 1739975239211573,
            "id": "terraform-coc-mypp-processed-cv-cvcarmen.json",
            "kms_key_name": "",
            "md5hash": "lnd4rYFAihldZBpJOnuX2w==",
            "media_link": "https://storage.googleapis.com/download/storage/v1/b/terraform-coc-mypp-processed-cv/o/cvcarmen.json?generation=1739975239211573\u0026alt=media",
            "metadata": {},
            "name": "cvcarmen.json",
            "output_name": "cvcarmen.json",
            "retention": [],
            "self_link": "https://www.googleapis.com/storage/v1/b/terraform-coc-mypp-processed-cv/o/cvcarmen.json",
            "source": "source/Bucket-terraform-coc-mypp-processed-cv/cvcarmen.json",
            "storage_class": "STANDARD",
            "temporary_hold": false,
            "timeouts": null
          },
          "sensitive_attributes": [
            [
              {
                "type": "get_attr",
                "value": "content"
              }
            ]
          ],
          "private": "eyJlMmJmYjczMC1lY2FhLTExZTYtOGY4OC0zNDM2M2JjN2M0YzAiOnsiY3JlYXRlIjoyNDAwMDAwMDAwMDAsImRlbGV0ZSI6MjQwMDAwMDAwMDAwLCJ1cGRhdGUiOjI0MDAwMDAwMDAwMH19",
          "dependencies": [
            "google_storage_bucket.terraform_coc_mypp_processed_cv"
          ]
        },
        {
          "index_key": "source/Bucket-terraform-coc-mypp-processed-cv/files_cv_pdf_cv03.json",
          "schema_version": 0,
          "attributes": {
            "bucket": "terraform-coc-mypp-processed-cv",
            "cache_control": "",
            "content": null,
            "content_disposition": "",
            "content_encoding": "",
            "content_language": "",
            "content_type": "text/plain; charset=utf-8",
            "crc32c": "FMnGgQ==",
            "customer_encryption": [],
            "detect_md5hash": "/l9MV5BX8nnHog4WlxKOCQ==",
            "event_based_hold": false,
            "generation": 1739975239190340,
            "id": "terraform-coc-mypp-processed-cv-files_cv_pdf_cv03.json",
            "kms_key_name": "",
            "md5hash": "/l9MV5BX8nnHog4WlxKOCQ==",
            "media_link": "https://storage.googleapis.com/download/storage/v1/b/terraform-coc-mypp-processed-cv/o/files_cv_pdf_cv03.json?generation=1739975239190340\u0026alt=media",
            "metadata": {},
            "name": "files_cv_pdf_cv03.json",
            "output_name": "files_cv_pdf_cv03.json",
            "retention": [],
            "self_link": "https://www.googleapis.com/storage/v1/b/terraform-coc-mypp-processed-cv/o/files_cv_pdf_cv03.json",
            "source": "source/Bucket-terraform-coc-mypp-processed-cv/files_cv_pdf_cv03.json",
            "storage_class": "STANDARD",
            "temporary_hold": false,
            "timeouts": null
          },
          "sensitive_attributes": [
            [
              {
                "type": "get_attr",
                "value": "content"
              }
            ]
          ],
          "private": "eyJlMmJmYjczMC1lY2FhLTExZTYtOGY4OC0zNDM2M2JjN2M0YzAiOnsiY3JlYXRlIjoyNDAwMDAwMDAwMDAsImRlbGV0ZSI6MjQwMDAwMDAwMDAwLCJ1cGRhdGUiOjI0MDAwMDAwMDAwMH19",
          "dependencies": [
            "google_storage_bucket.terraform_coc_mypp_processed_cv"
          ]
        },
        {
          "index_key": "source/Bucket-terraform-coc-mypp-processed-cv/payload.json",
          "schema_version": 0,
          "attributes": {
            "bucket": "terraform-coc-mypp-processed-cv",
            "cache_control": "",
            "content": null,
            "content_disposition": "",
            "content_encoding": "",
            "content_language": "",
            "content_type": "text/plain; charset=utf-8",
            "crc32c": "ImvZWg==",
            "customer_encryption": [],
            "detect_md5hash": "eW2h77pwwPcJm9JAEzBbcQ==",
            "event_based_hold": false,
            "generation": 1739975239232238,
            "id": "terraform-coc-mypp-processed-cv-payload.json",
            "kms_key_name": "",
            "md5hash": "eW2h77pwwPcJm9JAEzBbcQ==",
            "media_link": "https://storage.googleapis.com/download/storage/v1/b/terraform-coc-mypp-processed-cv/o/payload.json?generation=1739975239232238\u0026alt=media",
            "metadata": {},
            "name": "payload.json",
            "output_name": "payload.json",
            "retention": [],
            "self_link": "https://www.googleapis.com/storage/v1/b/terraform-coc-mypp-processed-cv/o/payload.json",
            "source": "source/Bucket-terraform-coc-mypp-processed-cv/payload.json",
            "storage_class": "STANDARD",
            "temporary_hold": false,
            "timeouts": null
          },
          "sensitive_attributes": [
            [
              {
                "type": "get_attr",
                "value": "content"
              }
            ]
          ],
          "private": "eyJlMmJmYjczMC1lY2FhLTExZTYtOGY4OC0zNDM2M2JjN2M0YzAiOnsiY3JlYXRlIjoyNDAwMDAwMDAwMDAsImRlbGV0ZSI6MjQwMDAwMDAwMDAwLCJ1cGRhdGUiOjI0MDAwMDAwMDAwMH19",
          "dependencies": [
            "google_storage_bucket.terraform_coc_mypp_processed_cv"
          ]
        },
        {
          "index_key": "source/Bucket-terraform-coc-mypp-processed-cv/Álvaro Barrera 1 cara.json",
          "schema_version": 0,
          "attributes": {
            "bucket": "terraform-coc-mypp-processed-cv",
            "cache_control": "",
            "content": null,
            "content_disposition": "",
            "content_encoding": "",
            "content_language": "",
            "content_type": "text/plain; charset=utf-8",
            "crc32c": "iY74EQ==",
            "customer_encryption": [],
            "detect_md5hash": "vi/lnmeat5TNYr+MH3BbJw==",
            "event_based_hold": false,
            "generation": 1739975239211537,
            "id": "terraform-coc-mypp-processed-cv-Álvaro Barrera 1 cara.json",
            "kms_key_name": "",
            "md5hash": "vi/lnmeat5TNYr+MH3BbJw==",
            "media_link": "https://storage.googleapis.com/download/storage/v1/b/terraform-coc-mypp-processed-cv/o/%C3%81lvaro%20Barrera%201%20cara.json?generation=1739975239211537\u0026alt=media",
            "metadata": {},
            "name": "Álvaro Barrera 1 cara.json",
            "output_name": "Álvaro Barrera 1 cara.json",
            "retention": [],
            "self_link": "https://www.googleapis.com/storage/v1/b/terraform-coc-mypp-processed-cv/o/%C3%81lvaro%20Barrera%201%20cara.json",
            "source": "source/Bucket-terraform-coc-mypp-processed-cv/Álvaro Barrera 1 cara.json",
            "storage_class": "STANDARD",
            "temporary_hold": false,
            "timeouts": null
          },
          "sensitive_attributes": [
            [
              {
                "type": "get_attr",
                "value": "content"
              }
            ]
          ],
          "private": "eyJlMmJmYjczMC1lY2FhLTExZTYtOGY4OC0zNDM2M2JjN2M0YzAiOnsiY3JlYXRlIjoyNDAwMDAwMDAwMDAsImRlbGV0ZSI6MjQwMDAwMDAwMDAwLCJ1cGRhdGUiOjI0MDAwMDAwMDAwMH19",
          "dependencies": [
            "google_storage_bucket.terraform_coc_mypp_processed_cv"
          ]
        }
      ]
    },
    {
      "mode": "managed",
      "type": "google_storage_bucket_object",
      "name": "upload_terraform_coc_mypp_sap_integration_files",
      "provider": "provider[\"registry.terraform.io/hashicorp/google\"]",
      "instances": [
        {
          "index_key": "source/Bucket-terraform-coc-mypp-sap-integration/cv05.pdf",
          "schema_version": 0,
          "attributes": {
            "bucket": "terraform-coc-mypp-sap-integration",
            "cache_control": "",
            "content": null,
            "content_disposition": "",
            "content_encoding": "",
            "content_language": "",
            "content_type": "application/pdf",
            "crc32c": "iQ0Gzw==",
            "customer_encryption": [],
            "detect_md5hash": "AZiZET15LHIOqHKNvHUSvA==",
            "event_based_hold": false,
            "generation": 1739975236684493,
            "id": "terraform-coc-mypp-sap-integration-cv05.pdf",
            "kms_key_name": "",
            "md5hash": "AZiZET15LHIOqHKNvHUSvA==",
            "media_link": "https://storage.googleapis.com/download/storage/v1/b/terraform-coc-mypp-sap-integration/o/cv05.pdf?generation=1739975236684493\u0026alt=media",
            "metadata": {},
            "name": "cv05.pdf",
            "output_name": "cv05.pdf",
            "retention": [],
            "self_link": "https://www.googleapis.com/storage/v1/b/terraform-coc-mypp-sap-integration/o/cv05.pdf",
            "source": "source/Bucket-terraform-coc-mypp-sap-integration/cv05.pdf",
            "storage_class": "STANDARD",
            "temporary_hold": false,
            "timeouts": null
          },
          "sensitive_attributes": [
            [
              {
                "type": "get_attr",
                "value": "content"
              }
            ]
          ],
          "private": "eyJlMmJmYjczMC1lY2FhLTExZTYtOGY4OC0zNDM2M2JjN2M0YzAiOnsiY3JlYXRlIjoyNDAwMDAwMDAwMDAsImRlbGV0ZSI6MjQwMDAwMDAwMDAwLCJ1cGRhdGUiOjI0MDAwMDAwMDAwMH19",
          "dependencies": [
            "google_storage_bucket.terraform_coc_mypp_sap_integration"
          ]
        }
      ]
    },
    {
      "mode": "managed",
      "type": "null_resource",
      "name": "scan_terraform_coc_mypp_processed_cv_files",
      "provider": "provider[\"registry.terraform.io/hashicorp/null\"]",
      "instances": [
        {
          "schema_version": 0,
          "attributes": {
            "id": "8607765304002886101",
            "triggers": {
              "always_run": "2025-02-19T14:28:31Z"
            }
          },
          "sensitive_attributes": []
        }
      ]
    },
    {
      "mode": "managed",
      "type": "null_resource",
      "name": "scan_terraform_coc_mypp_sap_integration_files",
      "provider": "provider[\"registry.terraform.io/hashicorp/null\"]",
      "instances": [
        {
          "schema_version": 0,
          "attributes": {
            "id": "3351886115233218453",
            "triggers": {
              "always_run": "2025-02-19T14:28:31Z"
            }
          },
          "sensitive_attributes": []
        }
      ]
    }
  ],
  "check_results": null
}
